// !$*UTF8*$!
{
	archiveVersion = 1;
	classes = {
	};
	objectVersion = 77;
	objects = {

/* Begin PBXBuildFile section */
		0CFD5EC802FC7842DCAC24AE /* SetCompletionFormStateTests.swift in Sources */ = {isa = PBXBuildFile; fileRef = ED1E4BCA9CBB3EDBB8068E06 /* SetCompletionFormStateTests.swift */; };
		242F2420242F2420242F2401 /* PostWorkoutSummaryInsightsTests.swift in Sources */ = {isa = PBXBuildFile; fileRef = 242F2420242F2420242F2402 /* PostWorkoutSummaryInsightsTests.swift */; };
		32736E74E3F688020744DE5E /* EquipmentRounderTests.swift in Sources */ = {isa = PBXBuildFile; fileRef = 70E3BA94C76430CACFD657B5 /* EquipmentRounderTests.swift */; };
		39E16C19CFE1B1EF9BE00A32 /* TraineeModelEnumsTests.swift in Sources */ = {isa = PBXBuildFile; fileRef = EEE172F80DF77608B9C048CA /* TraineeModelEnumsTests.swift */; };
		474B848D2F67D31C001E0879 /* MacroPlanServiceDayCountTests.swift in Sources */ = {isa = PBXBuildFile; fileRef = 474B848C2F67D31C001E0879 /* MacroPlanServiceDayCountTests.swift */; };
		478DD9F12F9928C6001D3636 /* SkipFeatureTests.swift in Sources */ = {isa = PBXBuildFile; fileRef = 478DD9F02F9928C5001D3636 /* SkipFeatureTests.swift */; };
		47BB8E5A2F626C900082C53F /* WorkoutProgramTests.swift in Sources */ = {isa = PBXBuildFile; fileRef = 47BB8E592F626C900082C53F /* WorkoutProgramTests.swift */; };
		47BB8E602F626D430082C53F /* ProgramGenerationServiceTests.swift in Sources */ = {isa = PBXBuildFile; fileRef = 47BB8E5F2F626D430082C53F /* ProgramGenerationServiceTests.swift */; };
		47BB8E622F626D430082C53F /* SessionPlanServiceTests.swift in Sources */ = {isa = PBXBuildFile; fileRef = 47BB8E612F626D430082C53F /* SessionPlanServiceTests.swift */; };
		47BB8E622F6273750082C53F /* EquipmentConstraintValidationTests.swift in Sources */ = {isa = PBXBuildFile; fileRef = 47BB8E612F6273750082C53F /* EquipmentConstraintValidationTests.swift */; };
		47BB8E662F6273F30082C53F /* ProgramPersistenceTests.swift in Sources */ = {isa = PBXBuildFile; fileRef = 47BB8E652F6273F30082C53F /* ProgramPersistenceTests.swift */; };
		47BB8E752F6294B00082C53F /* WorkoutSessionManagerTests.swift in Sources */ = {isa = PBXBuildFile; fileRef = 47BB8E742F6294B00082C53F /* WorkoutSessionManagerTests.swift */; };
		47C5C1AF2F62A64E0005F99E /* WriteAheadQueueTests.swift in Sources */ = {isa = PBXBuildFile; fileRef = 47C5C1AE2F62A64E0005F99E /* WriteAheadQueueTests.swift */; };
		47C5C1B82F62BB3D0005F99E /* GymStreakServiceTests.swift in Sources */ = {isa = PBXBuildFile; fileRef = 47C5C1B72F62BB3D0005F99E /* GymStreakServiceTests.swift */; };
		47C5C1BA2F62C0550005F99E /* SpeechServiceTests.swift in Sources */ = {isa = PBXBuildFile; fileRef = 47C5C1B92F62C0550005F99E /* SpeechServiceTests.swift */; };
		47C5C1BC2F62C08E0005F99E /* MemoryServiceTests.swift in Sources */ = {isa = PBXBuildFile; fileRef = 47C5C1BB2F62C08E0005F99E /* MemoryServiceTests.swift */; };
		47D91CA42F619741007B3B34 /* KeychainServiceTests.swift in Sources */ = {isa = PBXBuildFile; fileRef = 47D91CA32F619741007B3B34 /* KeychainServiceTests.swift */; };
		47D91CB12F619817007B3B34 /* AIInferenceSpikeTests.swift in Sources */ = {isa = PBXBuildFile; fileRef = 47D91CB02F619817007B3B34 /* AIInferenceSpikeTests.swift */; };
		47D91CB32F61A8CB007B3B34 /* GymProfileTests.swift in Sources */ = {isa = PBXBuildFile; fileRef = 47D91CB22F61A8CB007B3B34 /* GymProfileTests.swift */; };
		47D91CC12F61A9E7007B3B34 /* WorkoutContextAssemblyTests.swift in Sources */ = {isa = PBXBuildFile; fileRef = 47D91CC02F61A9E7007B3B34 /* WorkoutContextAssemblyTests.swift */; };
		47D91CC32F61AADC007B3B34 /* AIInferenceServiceTests.swift in Sources */ = {isa = PBXBuildFile; fileRef = 47D91CC22F61AADC007B3B34 /* AIInferenceServiceTests.swift */; };
		47DFECFD2F72C1FC006F4B62 /* ExerciseLibraryTests.swift in Sources */ = {isa = PBXBuildFile; fileRef = 47DFECFC2F72C1FC006F4B62 /* ExerciseLibraryTests.swift */; };
		47DFED092F99B001006F4B62 /* AnthropicProviderCachingTests.swift in Sources */ = {isa = PBXBuildFile; fileRef = 47DFED082F99B001006F4B62 /* AnthropicProviderCachingTests.swift */; };
		47E356CB2F61BA7300C69CD6 /* SupabaseClientTests.swift in Sources */ = {isa = PBXBuildFile; fileRef = 47E356CA2F61BA7300C69CD6 /* SupabaseClientTests.swift */; };
		369A00012F61BA7300C69CD6 /* SupabaseAuthTests.swift in Sources */ = {isa = PBXBuildFile; fileRef = 369A00002F61BA7300C69CD6 /* SupabaseAuthTests.swift */; };
		47E356CF2F61BFCF00C69CD6 /* EquipmentMergerTests.swift in Sources */ = {isa = PBXBuildFile; fileRef = 47E356CE2F61BFCF00C69CD6 /* EquipmentMergerTests.swift */; };
		47E356DA2F61D06100C69CD6 /* DefaultWeightIncrementsTests.swift in Sources */ = {isa = PBXBuildFile; fileRef = 47E356D92F61D06100C69CD6 /* DefaultWeightIncrementsTests.swift */; };
		47E356DC2F61D07B00C69CD6 /* GymFactStoreTests.swift in Sources */ = {isa = PBXBuildFile; fileRef = 47E356DB2F61D07B00C69CD6 /* GymFactStoreTests.swift */; };
		51F067120CE1EA4A3EA813A6 /* MuscleTaxonomyTests.swift in Sources */ = {isa = PBXBuildFile; fileRef = E2D46426254666742A81E0B8 /* MuscleTaxonomyTests.swift */; };
		5DE94F8F1D136C65C96FCAD1 /* WeekFatigueSignalsHelperAgreementTests.swift in Sources */ = {isa = PBXBuildFile; fileRef = 4422DE7829C0C124138BB4B0 /* WeekFatigueSignalsHelperAgreementTests.swift */; };
		6587F62EDC961A3C558A6226 /* TraineeModelServiceTests.swift in Sources */ = {isa = PBXBuildFile; fileRef = 6437BED8DCD7F98C80FF4377 /* TraineeModelServiceTests.swift */; };
		6ECE420C1031E80360FF1EFE /* TraineeModelProfilesTests.swift in Sources */ = {isa = PBXBuildFile; fileRef = 878B35DC7A9EFE48E1A0B285 /* TraineeModelProfilesTests.swift */; };
		6ED5B7636B15C7C513C11C2E /* Foundation.framework in Frameworks */ = {isa = PBXBuildFile; fileRef = 6DC23D0A3EB460CF97B18574 /* Foundation.framework */; };
		729D1F4ED6B5BD11AFD51058 /* MigrationDatesTests.swift in Sources */ = {isa = PBXBuildFile; fileRef = 1F6BA9A7C15E3ED7575683DB /* MigrationDatesTests.swift */; };
		73406DCD1E0EE68C2B81616E /* TraineeModelSnapshotsTests.swift in Sources */ = {isa = PBXBuildFile; fileRef = 993DDBFBA2750C9A2D659E12 /* TraineeModelSnapshotsTests.swift */; };
		7D8C4E6ADC8DEDCA31B72B1D /* ManualLogIntentGateTests.swift in Sources */ = {isa = PBXBuildFile; fileRef = ED8AB93C545B445971A78F14 /* ManualLogIntentGateTests.swift */; };
		66C0DE0066C0DE0066C0DE02 /* SetLogPayloadEncoderTests.swift in Sources */ = {isa = PBXBuildFile; fileRef = 66C0DE0066C0DE0066C0DE01 /* SetLogPayloadEncoderTests.swift */; };
		81F0AA99C2173497F907DCF2 /* TraineeModelInteractionsTests.swift in Sources */ = {isa = PBXBuildFile; fileRef = 85715B1D4A477BA1FA8963B2 /* TraineeModelInteractionsTests.swift */; };
		89DC096233064C035B6D3809 /* MovementPatternTests.swift in Sources */ = {isa = PBXBuildFile; fileRef = FD87C13195A0D0C4C63D2120 /* MovementPatternTests.swift */; };
		8A28FF4A9DE063DFA4183B29 /* SetPrescriptionIntentValidationTests.swift in Sources */ = {isa = PBXBuildFile; fileRef = DAD27873E38E45BE2FB26D63 /* SetPrescriptionIntentValidationTests.swift */; };
		A11FA719C0DE0001CAFE0001 /* FatigueInteractionCrossValidationTests.swift in Sources */ = {isa = PBXBuildFile; fileRef = A11FA719C0DE0002CAFE0002 /* FatigueInteractionCrossValidationTests.swift */; };
		A12FA719C0DE0001CAFE0001 /* TraineeModelSnapshotsCrossValidationTests.swift in Sources */ = {isa = PBXBuildFile; fileRef = A12FA719C0DE0002CAFE0002 /* TraineeModelSnapshotsCrossValidationTests.swift */; };
		A1B2C3D4E5F6A7B8C9D0E1F2 /* TopSetSnapshotFactoryTests.swift in Sources */ = {isa = PBXBuildFile; fileRef = B2C3D4E5F6A7B8C9D0E1F2A1 /* TopSetSnapshotFactoryTests.swift */; };
		A3741A0001CAFE0001CAFE01 /* LateArrivalNotificationQueueTests.swift in Sources */ = {isa = PBXBuildFile; fileRef = A3741A0001CAFE0001CAFE02 /* LateArrivalNotificationQueueTests.swift */; };
		A1540154CAFE0154CAFE0001 /* OnboardingGoalPayloadTests.swift in Sources */ = {isa = PBXBuildFile; fileRef = A1540154CAFE0154CAFE0002 /* OnboardingGoalPayloadTests.swift */; };
		A1540154CAFE0154CAFE0011 /* GoalReviewPayloadTests.swift in Sources */ = {isa = PBXBuildFile; fileRef = A1540154CAFE0154CAFE0012 /* GoalReviewPayloadTests.swift */; };
		A1540154CAFE0154CAFE0021 /* CalibrationReviewStretchPayloadTests.swift in Sources */ = {isa = PBXBuildFile; fileRef = A1540154CAFE0154CAFE0022 /* CalibrationReviewStretchPayloadTests.swift */; };
		22000000000000000000F011 /* PromptLoaderTests.swift in Sources */ = {isa = PBXBuildFile; fileRef = 22000000000000000000F012 /* PromptLoaderTests.swift */; };
		DE51900000000000DE519002 /* DesignSystemTokensTests.swift in Sources */ = {isa = PBXBuildFile; fileRef = DE51900000000000DE519001 /* DesignSystemTokensTests.swift */; };
		A1C0F19329000000APIKEY04 /* BundledKeyResolutionTests.swift in Sources */ = {isa = PBXBuildFile; fileRef = A1C0F19329000000APIKEY03 /* BundledKeyResolutionTests.swift */; };
		5A30343A0000000000FE5102 /* AppShellRouteTests.swift in Sources */ = {isa = PBXBuildFile; fileRef = 5A30343A0000000000FE5101 /* AppShellRouteTests.swift */; };
		CB34500000000000CB345002 /* CapabilityBandTests.swift in Sources */ = {isa = PBXBuildFile; fileRef = CB34500000000000CB345001 /* CapabilityBandTests.swift */; };
		LE34600000000000LE346002 /* LensTests.swift in Sources */ = {isa = PBXBuildFile; fileRef = LE34600000000000LE346001 /* LensTests.swift */; };
		DE52000000000000DE520002 /* DesignSystemGeometryTests.swift in Sources */ = {isa = PBXBuildFile; fileRef = DE52000000000000DE520001 /* DesignSystemGeometryTests.swift */; };
		DE53000000000000DE530002 /* DrawnInstrumentSnapshotTests.swift in Sources */ = {isa = PBXBuildFile; fileRef = DE53000000000000DE530001 /* DrawnInstrumentSnapshotTests.swift */; };
		DE56000000000000DE560002 /* LiveLoopCoreTests.swift in Sources */ = {isa = PBXBuildFile; fileRef = DE56000000000000DE560001 /* LiveLoopCoreTests.swift */; };
		PR35400000000000PR354002 /* ProgressRootLedgerTests.swift in Sources */ = {isa = PBXBuildFile; fileRef = PR35400000000000PR354001 /* ProgressRootLedgerTests.swift */; };
		ST41000000000000ST410002 /* StatusTickTests.swift in Sources */ = {isa = PBXBuildFile; fileRef = ST41000000000000ST410001 /* StatusTickTests.swift */; };
		DE54000000000000DE540002 /* SnapshotTesting in Frameworks */ = {isa = PBXBuildFile; productRef = DE54000000000000DE540001 /* SnapshotTesting */; };
		A8C2F77F360EDB0F6608A791 /* TraineeModelLocalStoreTests.swift in Sources */ = {isa = PBXBuildFile; fileRef = E790918146069F34BF3E4685 /* TraineeModelLocalStoreTests.swift */; };
		B9BA0DEA986911A47825DA7E /* TraineeModelTests.swift in Sources */ = {isa = PBXBuildFile; fileRef = DFFF76E0AE157D67D5D2660F /* TraineeModelTests.swift */; };
		C0D12694855E73899CCFE137 /* TraineeModelDigestTests.swift in Sources */ = {isa = PBXBuildFile; fileRef = 7DEB429BB2AB6D155566038C /* TraineeModelDigestTests.swift */; };
		258DE1F12E000000000000A2 /* HeavyReassessmentBannerCopyTests.swift in Sources */ = {isa = PBXBuildFile; fileRef = 258DE1F12E000000000000A1 /* HeavyReassessmentBannerCopyTests.swift */; };
		269DE1F12E000000000000B2 /* CalibrationReviewBannerCopyTests.swift in Sources */ = {isa = PBXBuildFile; fileRef = 269DE1F12E000000000000B1 /* CalibrationReviewBannerCopyTests.swift */; };
		C88AB47564E9AD1E0A3C2197 /* TraineeModelUpdateJobTests.swift in Sources */ = {isa = PBXBuildFile; fileRef = 862D553D94F677C0BB009B74 /* TraineeModelUpdateJobTests.swift */; };
		E50E3B4CBD53ED7ABE725DB8 /* EquipmentCatalogSeedTests.swift in Sources */ = {isa = PBXBuildFile; fileRef = 18DB10776DEDCE5720292FE8 /* EquipmentCatalogSeedTests.swift */; };
/* End PBXBuildFile section */

/* Begin PBXContainerItemProxy section */
		ED298EE400BD72C86935D45D /* PBXContainerItemProxy */ = {
			isa = PBXContainerItemProxy;
			containerPortal = 47D91BB82F60266A007B3B34 /* Project object */;
			proxyType = 1;
			remoteGlobalIDString = 47D91BBF2F60266A007B3B34;
			remoteInfo = ProjectApex;
		};
/* End PBXContainerItemProxy section */

/* Begin PBXFileReference section */
		18DB10776DEDCE5720292FE8 /* EquipmentCatalogSeedTests.swift */ = {isa = PBXFileReference; includeInIndex = 1; lastKnownFileType = sourcecode.swift; path = EquipmentCatalogSeedTests.swift; sourceTree = "<group>"; };
		1F6BA9A7C15E3ED7575683DB /* MigrationDatesTests.swift */ = {isa = PBXFileReference; includeInIndex = 1; lastKnownFileType = sourcecode.swift; path = MigrationDatesTests.swift; sourceTree = "<group>"; };
		4422DE7829C0C124138BB4B0 /* WeekFatigueSignalsHelperAgreementTests.swift */ = {isa = PBXFileReference; includeInIndex = 1; lastKnownFileType = sourcecode.swift; path = WeekFatigueSignalsHelperAgreementTests.swift; sourceTree = "<group>"; };
		474B848C2F67D31C001E0879 /* MacroPlanServiceDayCountTests.swift */ = {isa = PBXFileReference; lastKnownFileType = sourcecode.swift; path = MacroPlanServiceDayCountTests.swift; sourceTree = "<group>"; };
		478DD9F02F9928C5001D3636 /* SkipFeatureTests.swift */ = {isa = PBXFileReference; lastKnownFileType = sourcecode.swift; path = SkipFeatureTests.swift; sourceTree = "<group>"; };
		47BB8E592F626C900082C53F /* WorkoutProgramTests.swift */ = {isa = PBXFileReference; lastKnownFileType = sourcecode.swift; path = WorkoutProgramTests.swift; sourceTree = "<group>"; };
		47BB8E5F2F626D430082C53F /* ProgramGenerationServiceTests.swift */ = {isa = PBXFileReference; lastKnownFileType = sourcecode.swift; path = ProgramGenerationServiceTests.swift; sourceTree = "<group>"; };
		47BB8E612F626D430082C53F /* SessionPlanServiceTests.swift */ = {isa = PBXFileReference; lastKnownFileType = sourcecode.swift; path = SessionPlanServiceTests.swift; sourceTree = "<group>"; };
		47BB8E612F6273750082C53F /* EquipmentConstraintValidationTests.swift */ = {isa = PBXFileReference; lastKnownFileType = sourcecode.swift; path = EquipmentConstraintValidationTests.swift; sourceTree = "<group>"; };
		47BB8E652F6273F30082C53F /* ProgramPersistenceTests.swift */ = {isa = PBXFileReference; lastKnownFileType = sourcecode.swift; path = ProgramPersistenceTests.swift; sourceTree = "<group>"; };
		47BB8E742F6294B00082C53F /* WorkoutSessionManagerTests.swift */ = {isa = PBXFileReference; lastKnownFileType = sourcecode.swift; path = WorkoutSessionManagerTests.swift; sourceTree = "<group>"; };
		47C5C1AE2F62A64E0005F99E /* WriteAheadQueueTests.swift */ = {isa = PBXFileReference; lastKnownFileType = sourcecode.swift; path = WriteAheadQueueTests.swift; sourceTree = "<group>"; };
		47C5C1B72F62BB3D0005F99E /* GymStreakServiceTests.swift */ = {isa = PBXFileReference; lastKnownFileType = sourcecode.swift; path = GymStreakServiceTests.swift; sourceTree = "<group>"; };
		47C5C1B92F62C0550005F99E /* SpeechServiceTests.swift */ = {isa = PBXFileReference; lastKnownFileType = sourcecode.swift; path = SpeechServiceTests.swift; sourceTree = "<group>"; };
		47C5C1BB2F62C08E0005F99E /* MemoryServiceTests.swift */ = {isa = PBXFileReference; lastKnownFileType = sourcecode.swift; path = MemoryServiceTests.swift; sourceTree = "<group>"; };
		47D91BC02F60266A007B3B34 /* ProjectApex.app */ = {isa = PBXFileReference; explicitFileType = wrapper.application; includeInIndex = 0; path = ProjectApex.app; sourceTree = BUILT_PRODUCTS_DIR; };
		47D91CA32F619741007B3B34 /* KeychainServiceTests.swift */ = {isa = PBXFileReference; lastKnownFileType = sourcecode.swift; path = KeychainServiceTests.swift; sourceTree = "<group>"; };
		47D91CB02F619817007B3B34 /* AIInferenceSpikeTests.swift */ = {isa = PBXFileReference; lastKnownFileType = sourcecode.swift; path = AIInferenceSpikeTests.swift; sourceTree = "<group>"; };
		47D91CB22F61A8CB007B3B34 /* GymProfileTests.swift */ = {isa = PBXFileReference; lastKnownFileType = sourcecode.swift; path = GymProfileTests.swift; sourceTree = "<group>"; };
		47D91CC02F61A9E7007B3B34 /* WorkoutContextAssemblyTests.swift */ = {isa = PBXFileReference; lastKnownFileType = sourcecode.swift; path = WorkoutContextAssemblyTests.swift; sourceTree = "<group>"; };
		47D91CC22F61AADC007B3B34 /* AIInferenceServiceTests.swift */ = {isa = PBXFileReference; lastKnownFileType = sourcecode.swift; path = AIInferenceServiceTests.swift; sourceTree = "<group>"; };
		47DFECFC2F72C1FC006F4B62 /* ExerciseLibraryTests.swift */ = {isa = PBXFileReference; lastKnownFileType = sourcecode.swift; path = ExerciseLibraryTests.swift; sourceTree = "<group>"; };
		47DFED082F99B001006F4B62 /* AnthropicProviderCachingTests.swift */ = {isa = PBXFileReference; lastKnownFileType = sourcecode.swift; path = AnthropicProviderCachingTests.swift; sourceTree = "<group>"; };
		47E356CA2F61BA7300C69CD6 /* SupabaseClientTests.swift */ = {isa = PBXFileReference; lastKnownFileType = sourcecode.swift; path = SupabaseClientTests.swift; sourceTree = "<group>"; };
		369A00002F61BA7300C69CD6 /* SupabaseAuthTests.swift */ = {isa = PBXFileReference; lastKnownFileType = sourcecode.swift; path = SupabaseAuthTests.swift; sourceTree = "<group>"; };
		47E356CE2F61BFCF00C69CD6 /* EquipmentMergerTests.swift */ = {isa = PBXFileReference; lastKnownFileType = sourcecode.swift; path = EquipmentMergerTests.swift; sourceTree = "<group>"; };
		47E356D92F61D06100C69CD6 /* DefaultWeightIncrementsTests.swift */ = {isa = PBXFileReference; lastKnownFileType = sourcecode.swift; path = DefaultWeightIncrementsTests.swift; sourceTree = "<group>"; };
		47E356DB2F61D07B00C69CD6 /* GymFactStoreTests.swift */ = {isa = PBXFileReference; lastKnownFileType = sourcecode.swift; path = GymFactStoreTests.swift; sourceTree = "<group>"; };
		6437BED8DCD7F98C80FF4377 /* TraineeModelServiceTests.swift */ = {isa = PBXFileReference; includeInIndex = 1; lastKnownFileType = sourcecode.swift; path = TraineeModelServiceTests.swift; sourceTree = "<group>"; };
		6DC23D0A3EB460CF97B18574 /* Foundation.framework */ = {isa = PBXFileReference; lastKnownFileType = wrapper.framework; name = Foundation.framework; path = Platforms/iPhoneOS.platform/Developer/SDKs/iPhoneOS18.0.sdk/System/Library/Frameworks/Foundation.framework; sourceTree = DEVELOPER_DIR; };
		70E3BA94C76430CACFD657B5 /* EquipmentRounderTests.swift */ = {isa = PBXFileReference; includeInIndex = 1; lastKnownFileType = sourcecode.swift; path = EquipmentRounderTests.swift; sourceTree = "<group>"; };
		7DEB429BB2AB6D155566038C /* TraineeModelDigestTests.swift */ = {isa = PBXFileReference; includeInIndex = 1; lastKnownFileType = sourcecode.swift; path = TraineeModelDigestTests.swift; sourceTree = "<group>"; };
		258DE1F12E000000000000A1 /* HeavyReassessmentBannerCopyTests.swift */ = {isa = PBXFileReference; lastKnownFileType = sourcecode.swift; path = HeavyReassessmentBannerCopyTests.swift; sourceTree = "<group>"; };
		269DE1F12E000000000000B1 /* CalibrationReviewBannerCopyTests.swift */ = {isa = PBXFileReference; lastKnownFileType = sourcecode.swift; path = CalibrationReviewBannerCopyTests.swift; sourceTree = "<group>"; };
		85715B1D4A477BA1FA8963B2 /* TraineeModelInteractionsTests.swift */ = {isa = PBXFileReference; includeInIndex = 1; lastKnownFileType = sourcecode.swift; path = TraineeModelInteractionsTests.swift; sourceTree = "<group>"; };
		862D553D94F677C0BB009B74 /* TraineeModelUpdateJobTests.swift */ = {isa = PBXFileReference; includeInIndex = 1; lastKnownFileType = sourcecode.swift; path = TraineeModelUpdateJobTests.swift; sourceTree = "<group>"; };
		878B35DC7A9EFE48E1A0B285 /* TraineeModelProfilesTests.swift */ = {isa = PBXFileReference; includeInIndex = 1; lastKnownFileType = sourcecode.swift; path = TraineeModelProfilesTests.swift; sourceTree = "<group>"; };
		993DDBFBA2750C9A2D659E12 /* TraineeModelSnapshotsTests.swift */ = {isa = PBXFileReference; includeInIndex = 1; lastKnownFileType = sourcecode.swift; path = TraineeModelSnapshotsTests.swift; sourceTree = "<group>"; };
		A11FA719C0DE0002CAFE0002 /* FatigueInteractionCrossValidationTests.swift */ = {isa = PBXFileReference; includeInIndex = 1; lastKnownFileType = sourcecode.swift; path = FatigueInteractionCrossValidationTests.swift; sourceTree = "<group>"; };
		A12FA719C0DE0002CAFE0002 /* TraineeModelSnapshotsCrossValidationTests.swift */ = {isa = PBXFileReference; includeInIndex = 1; lastKnownFileType = sourcecode.swift; path = TraineeModelSnapshotsCrossValidationTests.swift; sourceTree = "<group>"; };
		A3741A0001CAFE0001CAFE02 /* LateArrivalNotificationQueueTests.swift */ = {isa = PBXFileReference; includeInIndex = 1; lastKnownFileType = sourcecode.swift; path = LateArrivalNotificationQueueTests.swift; sourceTree = "<group>"; };
		A1540154CAFE0154CAFE0002 /* OnboardingGoalPayloadTests.swift */ = {isa = PBXFileReference; includeInIndex = 1; lastKnownFileType = sourcecode.swift; path = OnboardingGoalPayloadTests.swift; sourceTree = "<group>"; };
		A1540154CAFE0154CAFE0012 /* GoalReviewPayloadTests.swift */ = {isa = PBXFileReference; includeInIndex = 1; lastKnownFileType = sourcecode.swift; path = GoalReviewPayloadTests.swift; sourceTree = "<group>"; };
		A1540154CAFE0154CAFE0022 /* CalibrationReviewStretchPayloadTests.swift */ = {isa = PBXFileReference; includeInIndex = 1; lastKnownFileType = sourcecode.swift; path = CalibrationReviewStretchPayloadTests.swift; sourceTree = "<group>"; };
		22000000000000000000F012 /* PromptLoaderTests.swift */ = {isa = PBXFileReference; includeInIndex = 1; lastKnownFileType = sourcecode.swift; path = PromptLoaderTests.swift; sourceTree = "<group>"; };
		DE51900000000000DE519001 /* DesignSystemTokensTests.swift */ = {isa = PBXFileReference; includeInIndex = 1; lastKnownFileType = sourcecode.swift; path = DesignSystemTokensTests.swift; sourceTree = "<group>"; };
		5A30343A0000000000FE5101 /* AppShellRouteTests.swift */ = {isa = PBXFileReference; includeInIndex = 1; lastKnownFileType = sourcecode.swift; path = AppShellRouteTests.swift; sourceTree = "<group>"; };
		CB34500000000000CB345001 /* CapabilityBandTests.swift */ = {isa = PBXFileReference; includeInIndex = 1; lastKnownFileType = sourcecode.swift; path = CapabilityBandTests.swift; sourceTree = "<group>"; };
		LE34600000000000LE346001 /* LensTests.swift */ = {isa = PBXFileReference; includeInIndex = 1; lastKnownFileType = sourcecode.swift; path = LensTests.swift; sourceTree = "<group>"; };
		DE52000000000000DE520001 /* DesignSystemGeometryTests.swift */ = {isa = PBXFileReference; includeInIndex = 1; lastKnownFileType = sourcecode.swift; path = DesignSystemGeometryTests.swift; sourceTree = "<group>"; };
		DE53000000000000DE530001 /* DrawnInstrumentSnapshotTests.swift */ = {isa = PBXFileReference; includeInIndex = 1; lastKnownFileType = sourcecode.swift; path = DrawnInstrumentSnapshotTests.swift; sourceTree = "<group>"; };
		DE56000000000000DE560001 /* LiveLoopCoreTests.swift */ = {isa = PBXFileReference; includeInIndex = 1; lastKnownFileType = sourcecode.swift; path = LiveLoopCoreTests.swift; sourceTree = "<group>"; };
		PR35400000000000PR354001 /* ProgressRootLedgerTests.swift */ = {isa = PBXFileReference; includeInIndex = 1; lastKnownFileType = sourcecode.swift; path = ProgressRootLedgerTests.swift; sourceTree = "<group>"; };
		ST41000000000000ST410001 /* StatusTickTests.swift */ = {isa = PBXFileReference; includeInIndex = 1; lastKnownFileType = sourcecode.swift; path = StatusTickTests.swift; sourceTree = "<group>"; };
		B2C3D4E5F6A7B8C9D0E1F2A1 /* TopSetSnapshotFactoryTests.swift */ = {isa = PBXFileReference; includeInIndex = 1; lastKnownFileType = sourcecode.swift; path = TopSetSnapshotFactoryTests.swift; sourceTree = "<group>"; };
		DAD27873E38E45BE2FB26D63 /* SetPrescriptionIntentValidationTests.swift */ = {isa = PBXFileReference; includeInIndex = 1; lastKnownFileType = sourcecode.swift; path = SetPrescriptionIntentValidationTests.swift; sourceTree = "<group>"; };
		DFFF76E0AE157D67D5D2660F /* TraineeModelTests.swift */ = {isa = PBXFileReference; includeInIndex = 1; lastKnownFileType = sourcecode.swift; path = TraineeModelTests.swift; sourceTree = "<group>"; };
		E2D46426254666742A81E0B8 /* MuscleTaxonomyTests.swift */ = {isa = PBXFileReference; includeInIndex = 1; lastKnownFileType = sourcecode.swift; path = MuscleTaxonomyTests.swift; sourceTree = "<group>"; };
		E790918146069F34BF3E4685 /* TraineeModelLocalStoreTests.swift */ = {isa = PBXFileReference; includeInIndex = 1; lastKnownFileType = sourcecode.swift; path = TraineeModelLocalStoreTests.swift; sourceTree = "<group>"; };
		ED1E4BCA9CBB3EDBB8068E06 /* SetCompletionFormStateTests.swift */ = {isa = PBXFileReference; includeInIndex = 1; lastKnownFileType = sourcecode.swift; path = SetCompletionFormStateTests.swift; sourceTree = "<group>"; };
		242F2420242F2420242F2402 /* PostWorkoutSummaryInsightsTests.swift */ = {isa = PBXFileReference; includeInIndex = 1; lastKnownFileType = sourcecode.swift; path = PostWorkoutSummaryInsightsTests.swift; sourceTree = "<group>"; };
		ED8AB93C545B445971A78F14 /* ManualLogIntentGateTests.swift */ = {isa = PBXFileReference; includeInIndex = 1; lastKnownFileType = sourcecode.swift; path = ManualLogIntentGateTests.swift; sourceTree = "<group>"; };
		66C0DE0066C0DE0066C0DE01 /* SetLogPayloadEncoderTests.swift */ = {isa = PBXFileReference; includeInIndex = 1; lastKnownFileType = sourcecode.swift; path = SetLogPayloadEncoderTests.swift; sourceTree = "<group>"; };
		EEE172F80DF77608B9C048CA /* TraineeModelEnumsTests.swift */ = {isa = PBXFileReference; includeInIndex = 1; lastKnownFileType = sourcecode.swift; path = TraineeModelEnumsTests.swift; sourceTree = "<group>"; };
		EFB324F8EA1B317B0F90575B /* ProjectApexTests.xctest */ = {isa = PBXFileReference; explicitFileType = wrapper.cfbundle; includeInIndex = 0; path = ProjectApexTests.xctest; sourceTree = BUILT_PRODUCTS_DIR; };
		FD87C13195A0D0C4C63D2120 /* MovementPatternTests.swift */ = {isa = PBXFileReference; includeInIndex = 1; lastKnownFileType = sourcecode.swift; path = MovementPatternTests.swift; sourceTree = "<group>"; };
		A1C0F19329000000APIKEY01 /* APIKeys.xcconfig */ = {isa = PBXFileReference; lastKnownFileType = text.xcconfig; path = APIKeys.xcconfig; sourceTree = "<group>"; };
		A1C0F19329000000APIKEY06 /* Info.plist */ = {isa = PBXFileReference; lastKnownFileType = text.plist.xml; path = Info.plist; sourceTree = "<group>"; };
		A1C0F19329000000APIKEY02 /* APIKeys.xcconfig.example */ = {isa = PBXFileReference; lastKnownFileType = text.xcconfig; path = APIKeys.xcconfig.example; sourceTree = "<group>"; };
		A1C0F19329000000APIKEY03 /* BundledKeyResolutionTests.swift */ = {isa = PBXFileReference; lastKnownFileType = sourcecode.swift; path = BundledKeyResolutionTests.swift; sourceTree = "<group>"; };
/* End PBXFileReference section */

/* Begin PBXFileSystemSynchronizedRootGroup section */
		47D91BC22F60266A007B3B34 /* ProjectApex */ = {
			isa = PBXFileSystemSynchronizedRootGroup;
			path = ProjectApex;
			sourceTree = "<group>";
		};
/* End PBXFileSystemSynchronizedRootGroup section */

/* Begin PBXFrameworksBuildPhase section */
		47D91BBD2F60266A007B3B34 /* Frameworks */ = {
			isa = PBXFrameworksBuildPhase;
			buildActionMask = 2147483647;
			files = (
			);
			runOnlyForDeploymentPostprocessing = 0;
		};
		B0995D1A425F6A0D4A64DE43 /* Frameworks */ = {
			isa = PBXFrameworksBuildPhase;
			buildActionMask = 2147483647;
			files = (
				6ED5B7636B15C7C513C11C2E /* Foundation.framework in Frameworks */,
				DE54000000000000DE540002 /* SnapshotTesting in Frameworks */,
			);
			runOnlyForDeploymentPostprocessing = 0;
		};
/* End PBXFrameworksBuildPhase section */

/* Begin PBXGroup section */
		46D6D0F8AAFB99EF747FA10E /* Frameworks */ = {
			isa = PBXGroup;
			children = (
				F001F5E175C68A407AB1AFF0 /* iOS */,
			);
			name = Frameworks;
			sourceTree = "<group>";
		};
		47D91BB72F60266A007B3B34 = {
			isa = PBXGroup;
			children = (
				A1C0F19329000000APIKEY01 /* APIKeys.xcconfig */,
				A1C0F19329000000APIKEY02 /* APIKeys.xcconfig.example */,
				A1C0F19329000000APIKEY06 /* Info.plist */,
				47D91BC22F60266A007B3B34 /* ProjectApex */,
				47D91BC12F60266A007B3B34 /* Products */,
				46D6D0F8AAFB99EF747FA10E /* Frameworks */,
				FD123486A0EC3A9B64454993 /* ProjectApexTests */,
			);
			sourceTree = "<group>";
		};
		47D91BC12F60266A007B3B34 /* Products */ = {
			isa = PBXGroup;
			children = (
				47D91BC02F60266A007B3B34 /* ProjectApex.app */,
				EFB324F8EA1B317B0F90575B /* ProjectApexTests.xctest */,
			);
			name = Products;
			sourceTree = "<group>";
		};
		F001F5E175C68A407AB1AFF0 /* iOS */ = {
			isa = PBXGroup;
			children = (
				6DC23D0A3EB460CF97B18574 /* Foundation.framework */,
			);
			name = iOS;
			sourceTree = "<group>";
		};
		FD123486A0EC3A9B64454993 /* ProjectApexTests */ = {
			isa = PBXGroup;
			children = (
				70E3BA94C76430CACFD657B5 /* EquipmentRounderTests.swift */,
				47D91CA32F619741007B3B34 /* KeychainServiceTests.swift */,
				47D91CB02F619817007B3B34 /* AIInferenceSpikeTests.swift */,
				47D91CB22F61A8CB007B3B34 /* GymProfileTests.swift */,
				47D91CC02F61A9E7007B3B34 /* WorkoutContextAssemblyTests.swift */,
				47D91CC22F61AADC007B3B34 /* AIInferenceServiceTests.swift */,
				47DFED082F99B001006F4B62 /* AnthropicProviderCachingTests.swift */,
				47E356CA2F61BA7300C69CD6 /* SupabaseClientTests.swift */,
				369A00002F61BA7300C69CD6 /* SupabaseAuthTests.swift */,
				47E356CE2F61BFCF00C69CD6 /* EquipmentMergerTests.swift */,
				47E356D92F61D06100C69CD6 /* DefaultWeightIncrementsTests.swift */,
				47E356DB2F61D07B00C69CD6 /* GymFactStoreTests.swift */,
				47BB8E592F626C900082C53F /* WorkoutProgramTests.swift */,
				47BB8E5F2F626D430082C53F /* ProgramGenerationServiceTests.swift */,
				47BB8E612F626D430082C53F /* SessionPlanServiceTests.swift */,
				47BB8E612F6273750082C53F /* EquipmentConstraintValidationTests.swift */,
				47BB8E652F6273F30082C53F /* ProgramPersistenceTests.swift */,
				47BB8E742F6294B00082C53F /* WorkoutSessionManagerTests.swift */,
				47C5C1AE2F62A64E0005F99E /* WriteAheadQueueTests.swift */,
				47C5C1B72F62BB3D0005F99E /* GymStreakServiceTests.swift */,
				47C5C1B92F62C0550005F99E /* SpeechServiceTests.swift */,
				47C5C1BB2F62C08E0005F99E /* MemoryServiceTests.swift */,
				474B848C2F67D31C001E0879 /* MacroPlanServiceDayCountTests.swift */,
				47DFECFC2F72C1FC006F4B62 /* ExerciseLibraryTests.swift */,
				478DD9F02F9928C5001D3636 /* SkipFeatureTests.swift */,
				FD87C13195A0D0C4C63D2120 /* MovementPatternTests.swift */,
				E2D46426254666742A81E0B8 /* MuscleTaxonomyTests.swift */,
				EEE172F80DF77608B9C048CA /* TraineeModelEnumsTests.swift */,
				1F6BA9A7C15E3ED7575683DB /* MigrationDatesTests.swift */,
				993DDBFBA2750C9A2D659E12 /* TraineeModelSnapshotsTests.swift */,
				B2C3D4E5F6A7B8C9D0E1F2A1 /* TopSetSnapshotFactoryTests.swift */,
				85715B1D4A477BA1FA8963B2 /* TraineeModelInteractionsTests.swift */,
				A11FA719C0DE0002CAFE0002 /* FatigueInteractionCrossValidationTests.swift */,
				A12FA719C0DE0002CAFE0002 /* TraineeModelSnapshotsCrossValidationTests.swift */,
				878B35DC7A9EFE48E1A0B285 /* TraineeModelProfilesTests.swift */,
				DFFF76E0AE157D67D5D2660F /* TraineeModelTests.swift */,
				4422DE7829C0C124138BB4B0 /* WeekFatigueSignalsHelperAgreementTests.swift */,
				E790918146069F34BF3E4685 /* TraineeModelLocalStoreTests.swift */,
				18DB10776DEDCE5720292FE8 /* EquipmentCatalogSeedTests.swift */,
				ED1E4BCA9CBB3EDBB8068E06 /* SetCompletionFormStateTests.swift */,
				242F2420242F2420242F2402 /* PostWorkoutSummaryInsightsTests.swift */,
				DAD27873E38E45BE2FB26D63 /* SetPrescriptionIntentValidationTests.swift */,
				ED8AB93C545B445971A78F14 /* ManualLogIntentGateTests.swift */,
				66C0DE0066C0DE0066C0DE01 /* SetLogPayloadEncoderTests.swift */,
				7DEB429BB2AB6D155566038C /* TraineeModelDigestTests.swift */,
				258DE1F12E000000000000A1 /* HeavyReassessmentBannerCopyTests.swift */,
				269DE1F12E000000000000B1 /* CalibrationReviewBannerCopyTests.swift */,
				6437BED8DCD7F98C80FF4377 /* TraineeModelServiceTests.swift */,
				862D553D94F677C0BB009B74 /* TraineeModelUpdateJobTests.swift */,
				A3741A0001CAFE0001CAFE02 /* LateArrivalNotificationQueueTests.swift */,
				A1540154CAFE0154CAFE0002 /* OnboardingGoalPayloadTests.swift */,
				A1540154CAFE0154CAFE0012 /* GoalReviewPayloadTests.swift */,
				A1540154CAFE0154CAFE0022 /* CalibrationReviewStretchPayloadTests.swift */,
				22000000000000000000F012 /* PromptLoaderTests.swift */,
				DE51900000000000DE519001 /* DesignSystemTokensTests.swift */,
				A1C0F19329000000APIKEY03 /* BundledKeyResolutionTests.swift */,
				5A30343A0000000000FE5101 /* AppShellRouteTests.swift */,
				CB34500000000000CB345001 /* CapabilityBandTests.swift */,
				LE34600000000000LE346001 /* LensTests.swift */,
				DE52000000000000DE520001 /* DesignSystemGeometryTests.swift */,
				DE53000000000000DE530001 /* DrawnInstrumentSnapshotTests.swift */,
				DE56000000000000DE560001 /* LiveLoopCoreTests.swift */,
				PR35400000000000PR354001 /* ProgressRootLedgerTests.swift */,
				ST41000000000000ST410001 /* StatusTickTests.swift */,
			);
			path = ProjectApexTests;
			sourceTree = "<group>";
		};
/* End PBXGroup section */

/* Begin PBXNativeTarget section */
		3468A4C0FD8EBC33946C10EF /* ProjectApexTests */ = {
			isa = PBXNativeTarget;
			buildConfigurationList = 0F657660D0B15D0E03C5BDE7 /* Build configuration list for PBXNativeTarget "ProjectApexTests" */;
			buildPhases = (
				33906876BC4323CE14CEB130 /* Sources */,
				B0995D1A425F6A0D4A64DE43 /* Frameworks */,
				B8720CAAF189D619D3FBD267 /* Resources */,
			);
			buildRules = (
			);
			dependencies = (
				79B86F7D6F8F83A54328459B /* PBXTargetDependency */,
			);
			name = ProjectApexTests;
			packageProductDependencies = (
				DE54000000000000DE540001 /* SnapshotTesting */,
			);
			productName = ProjectApexTests;
			productReference = EFB324F8EA1B317B0F90575B /* ProjectApexTests.xctest */;
			productType = "com.apple.product-type.bundle.unit-test";
		};
		47D91BBF2F60266A007B3B34 /* ProjectApex */ = {
			isa = PBXNativeTarget;
			buildConfigurationList = 47D91BCB2F60266C007B3B34 /* Build configuration list for PBXNativeTarget "ProjectApex" */;
			buildPhases = (
				47D91BBC2F60266A007B3B34 /* Sources */,
				47D91BBD2F60266A007B3B34 /* Frameworks */,
				47D91BBE2F60266A007B3B34 /* Resources */,
			);
			buildRules = (
			);
			dependencies = (
			);
			fileSystemSynchronizedGroups = (
				47D91BC22F60266A007B3B34 /* ProjectApex */,
			);
			name = ProjectApex;
			productName = ProjectApex;
			productReference = 47D91BC02F60266A007B3B34 /* ProjectApex.app */;
			productType = "com.apple.product-type.application";
		};
/* End PBXNativeTarget section */

/* Begin PBXProject section */
		47D91BB82F60266A007B3B34 /* Project object */ = {
			isa = PBXProject;
			attributes = {
				BuildIndependentTargetsInParallel = 1;
				LastSwiftUpdateCheck = 2630;
				LastUpgradeCheck = 2630;
				TargetAttributes = {
					47D91BBF2F60266A007B3B34 = {
						CreatedOnToolsVersion = 26.3;
					};
				};
			};
			buildConfigurationList = 47D91BBB2F60266A007B3B34 /* Build configuration list for PBXProject "ProjectApex" */;
			developmentRegion = en;
			hasScannedForEncodings = 0;
			knownRegions = (
				en,
				Base,
			);
			mainGroup = 47D91BB72F60266A007B3B34;
			minimizedProjectReferenceProxies = 1;
			packageReferences = (
				DE55000000000000DE550001 /* XCRemoteSwiftPackageReference "swift-snapshot-testing" */,
			);
			preferredProjectObjectVersion = 77;
			productRefGroup = 47D91BC12F60266A007B3B34 /* Products */;
			projectDirPath = "";
			projectRoot = "";
			targets = (
				47D91BBF2F60266A007B3B34 /* ProjectApex */,
				3468A4C0FD8EBC33946C10EF /* ProjectApexTests */,
			);
		};
/* End PBXProject section */

/* Begin PBXResourcesBuildPhase section */
		47D91BBE2F60266A007B3B34 /* Resources */ = {
			isa = PBXResourcesBuildPhase;
			buildActionMask = 2147483647;
			files = (
			);
			runOnlyForDeploymentPostprocessing = 0;
		};
		B8720CAAF189D619D3FBD267 /* Resources */ = {
			isa = PBXResourcesBuildPhase;
			buildActionMask = 2147483647;
			files = (
			);
			runOnlyForDeploymentPostprocessing = 0;
		};
/* End PBXResourcesBuildPhase section */

/* Begin PBXSourcesBuildPhase section */
		33906876BC4323CE14CEB130 /* Sources */ = {
			isa = PBXSourcesBuildPhase;
			buildActionMask = 2147483647;
			files = (
				47BB8E622F6273750082C53F /* EquipmentConstraintValidationTests.swift in Sources */,
				47D91CB12F619817007B3B34 /* AIInferenceSpikeTests.swift in Sources */,
				47D91CC32F61AADC007B3B34 /* AIInferenceServiceTests.swift in Sources */,
				47DFED092F99B001006F4B62 /* AnthropicProviderCachingTests.swift in Sources */,
				47BB8E752F6294B00082C53F /* WorkoutSessionManagerTests.swift in Sources */,
				47C5C1BC2F62C08E0005F99E /* MemoryServiceTests.swift in Sources */,
				47BB8E602F626D430082C53F /* ProgramGenerationServiceTests.swift in Sources */,
				47BB8E622F626D430082C53F /* SessionPlanServiceTests.swift in Sources */,
				47BB8E5A2F626C900082C53F /* WorkoutProgramTests.swift in Sources */,
				47E356CF2F61BFCF00C69CD6 /* EquipmentMergerTests.swift in Sources */,
				47E356DA2F61D06100C69CD6 /* DefaultWeightIncrementsTests.swift in Sources */,
				47DFECFD2F72C1FC006F4B62 /* ExerciseLibraryTests.swift in Sources */,
				47D91CB32F61A8CB007B3B34 /* GymProfileTests.swift in Sources */,
				47C5C1B82F62BB3D0005F99E /* GymStreakServiceTests.swift in Sources */,
				47BB8E662F6273F30082C53F /* ProgramPersistenceTests.swift in Sources */,
				478DD9F12F9928C6001D3636 /* SkipFeatureTests.swift in Sources */,
				32736E74E3F688020744DE5E /* EquipmentRounderTests.swift in Sources */,
				47C5C1AF2F62A64E0005F99E /* WriteAheadQueueTests.swift in Sources */,
				474B848D2F67D31C001E0879 /* MacroPlanServiceDayCountTests.swift in Sources */,
				47E356CB2F61BA7300C69CD6 /* SupabaseClientTests.swift in Sources */,
				369A00012F61BA7300C69CD6 /* SupabaseAuthTests.swift in Sources */,
				47D91CA42F619741007B3B34 /* KeychainServiceTests.swift in Sources */,
				47C5C1BA2F62C0550005F99E /* SpeechServiceTests.swift in Sources */,
				47D91CC12F61A9E7007B3B34 /* WorkoutContextAssemblyTests.swift in Sources */,
				47E356DC2F61D07B00C69CD6 /* GymFactStoreTests.swift in Sources */,
				89DC096233064C035B6D3809 /* MovementPatternTests.swift in Sources */,
				51F067120CE1EA4A3EA813A6 /* MuscleTaxonomyTests.swift in Sources */,
				39E16C19CFE1B1EF9BE00A32 /* TraineeModelEnumsTests.swift in Sources */,
				729D1F4ED6B5BD11AFD51058 /* MigrationDatesTests.swift in Sources */,
				73406DCD1E0EE68C2B81616E /* TraineeModelSnapshotsTests.swift in Sources */,
				A1B2C3D4E5F6A7B8C9D0E1F2 /* TopSetSnapshotFactoryTests.swift in Sources */,
				81F0AA99C2173497F907DCF2 /* TraineeModelInteractionsTests.swift in Sources */,
				A11FA719C0DE0001CAFE0001 /* FatigueInteractionCrossValidationTests.swift in Sources */,
				A12FA719C0DE0001CAFE0001 /* TraineeModelSnapshotsCrossValidationTests.swift in Sources */,
				6ECE420C1031E80360FF1EFE /* TraineeModelProfilesTests.swift in Sources */,
				B9BA0DEA986911A47825DA7E /* TraineeModelTests.swift in Sources */,
				5DE94F8F1D136C65C96FCAD1 /* WeekFatigueSignalsHelperAgreementTests.swift in Sources */,
				A8C2F77F360EDB0F6608A791 /* TraineeModelLocalStoreTests.swift in Sources */,
				E50E3B4CBD53ED7ABE725DB8 /* EquipmentCatalogSeedTests.swift in Sources */,
				0CFD5EC802FC7842DCAC24AE /* SetCompletionFormStateTests.swift in Sources */,
				242F2420242F2420242F2401 /* PostWorkoutSummaryInsightsTests.swift in Sources */,
				8A28FF4A9DE063DFA4183B29 /* SetPrescriptionIntentValidationTests.swift in Sources */,
				7D8C4E6ADC8DEDCA31B72B1D /* ManualLogIntentGateTests.swift in Sources */,
				66C0DE0066C0DE0066C0DE02 /* SetLogPayloadEncoderTests.swift in Sources */,
				C0D12694855E73899CCFE137 /* TraineeModelDigestTests.swift in Sources */,
				258DE1F12E000000000000A2 /* HeavyReassessmentBannerCopyTests.swift in Sources */,
				269DE1F12E000000000000B2 /* CalibrationReviewBannerCopyTests.swift in Sources */,
				6587F62EDC961A3C558A6226 /* TraineeModelServiceTests.swift in Sources */,
				C88AB47564E9AD1E0A3C2197 /* TraineeModelUpdateJobTests.swift in Sources */,
				A3741A0001CAFE0001CAFE01 /* LateArrivalNotificationQueueTests.swift in Sources */,
				A1540154CAFE0154CAFE0001 /* OnboardingGoalPayloadTests.swift in Sources */,
				A1540154CAFE0154CAFE0011 /* GoalReviewPayloadTests.swift in Sources */,
				A1540154CAFE0154CAFE0021 /* CalibrationReviewStretchPayloadTests.swift in Sources */,
				22000000000000000000F011 /* PromptLoaderTests.swift in Sources */,
				DE51900000000000DE519002 /* DesignSystemTokensTests.swift in Sources */,
				A1C0F19329000000APIKEY04 /* BundledKeyResolutionTests.swift in Sources */,
				5A30343A0000000000FE5102 /* AppShellRouteTests.swift in Sources */,
				CB34500000000000CB345002 /* CapabilityBandTests.swift in Sources */,
				LE34600000000000LE346002 /* LensTests.swift in Sources */,
				DE52000000000000DE520002 /* DesignSystemGeometryTests.swift in Sources */,
				DE53000000000000DE530002 /* DrawnInstrumentSnapshotTests.swift in Sources */,
				DE56000000000000DE560002 /* LiveLoopCoreTests.swift in Sources */,
				PR35400000000000PR354002 /* ProgressRootLedgerTests.swift in Sources */,
				ST41000000000000ST410002 /* StatusTickTests.swift in Sources */,
			);
			runOnlyForDeploymentPostprocessing = 0;
		};
		47D91BBC2F60266A007B3B34 /* Sources */ = {
			isa = PBXSourcesBuildPhase;
			buildActionMask = 2147483647;
			files = (
			);
			runOnlyForDeploymentPostprocessing = 0;
		};
/* End PBXSourcesBuildPhase section */

/* Begin PBXTargetDependency section */
		79B86F7D6F8F83A54328459B /* PBXTargetDependency */ = {
			isa = PBXTargetDependency;
			name = ProjectApex;
			target = 47D91BBF2F60266A007B3B34 /* ProjectApex */;
			targetProxy = ED298EE400BD72C86935D45D /* PBXContainerItemProxy */;
		};
/* End PBXTargetDependency section */

/* Begin XCBuildConfiguration section */
		47D91BC92F60266C007B3B34 /* Debug */ = {
			isa = XCBuildConfiguration;
			buildSettings = {
				ALWAYS_SEARCH_USER_PATHS = NO;
				ASSETCATALOG_COMPILER_GENERATE_SWIFT_ASSET_SYMBOL_EXTENSIONS = YES;
				CLANG_ANALYZER_NONNULL = YES;
				CLANG_ANALYZER_NUMBER_OBJECT_CONVERSION = YES_AGGRESSIVE;
				CLANG_CXX_LANGUAGE_STANDARD = "gnu++20";
				CLANG_ENABLE_MODULES = YES;
				CLANG_ENABLE_OBJC_ARC = YES;
				CLANG_ENABLE_OBJC_WEAK = YES;
				CLANG_WARN_BLOCK_CAPTURE_AUTORELEASING = YES;
				CLANG_WARN_BOOL_CONVERSION = YES;
				CLANG_WARN_COMMA = YES;
				CLANG_WARN_CONSTANT_CONVERSION = YES;
				CLANG_WARN_DEPRECATED_OBJC_IMPLEMENTATIONS = YES;
				CLANG_WARN_DIRECT_OBJC_ISA_USAGE = YES_ERROR;
				CLANG_WARN_DOCUMENTATION_COMMENTS = YES;
				CLANG_WARN_EMPTY_BODY = YES;
				CLANG_WARN_ENUM_CONVERSION = YES;
				CLANG_WARN_INFINITE_RECURSION = YES;
				CLANG_WARN_INT_CONVERSION = YES;
				CLANG_WARN_NON_LITERAL_NULL_CONVERSION = YES;
				CLANG_WARN_OBJC_IMPLICIT_RETAIN_SELF = YES;
				CLANG_WARN_OBJC_LITERAL_CONVERSION = YES;
				CLANG_WARN_OBJC_ROOT_CLASS = YES_ERROR;
				CLANG_WARN_QUOTED_INCLUDE_IN_FRAMEWORK_HEADER = YES;
				CLANG_WARN_RANGE_LOOP_ANALYSIS = YES;
				CLANG_WARN_STRICT_PROTOTYPES = YES;
				CLANG_WARN_SUSPICIOUS_MOVE = YES;
				CLANG_WARN_UNGUARDED_AVAILABILITY = YES_AGGRESSIVE;
				CLANG_WARN_UNREACHABLE_CODE = YES;
				CLANG_WARN__DUPLICATE_METHOD_MATCH = YES;
				COPY_PHASE_STRIP = NO;
				DEBUG_INFORMATION_FORMAT = dwarf;
				ENABLE_STRICT_OBJC_MSGSEND = YES;
				ENABLE_TESTABILITY = YES;
				ENABLE_USER_SCRIPT_SANDBOXING = YES;
				GCC_C_LANGUAGE_STANDARD = gnu17;
				GCC_DYNAMIC_NO_PIC = NO;
				GCC_NO_COMMON_BLOCKS = YES;
				GCC_OPTIMIZATION_LEVEL = 0;
				GCC_PREPROCESSOR_DEFINITIONS = (
					"DEBUG=1",
					"$(inherited)",
				);
				GCC_WARN_64_TO_32_BIT_CONVERSION = YES;
				GCC_WARN_ABOUT_RETURN_TYPE = YES_ERROR;
				GCC_WARN_UNDECLARED_SELECTOR = YES;
				GCC_WARN_UNINITIALIZED_AUTOS = YES_AGGRESSIVE;
				GCC_WARN_UNUSED_FUNCTION = YES;
				GCC_WARN_UNUSED_VARIABLE = YES;
				IPHONEOS_DEPLOYMENT_TARGET = 26.2;
				LOCALIZATION_PREFERS_STRING_CATALOGS = YES;
				MTL_ENABLE_DEBUG_INFO = INCLUDE_SOURCE;
				MTL_FAST_MATH = YES;
				ONLY_ACTIVE_ARCH = YES;
				SDKROOT = iphoneos;
				SWIFT_ACTIVE_COMPILATION_CONDITIONS = "DEBUG $(inherited)";
				SWIFT_OPTIMIZATION_LEVEL = "-Onone";
			};
			name = Debug;
		};
		47D91BCA2F60266C007B3B34 /* Release */ = {
			isa = XCBuildConfiguration;
			buildSettings = {
				ALWAYS_SEARCH_USER_PATHS = NO;
				ASSETCATALOG_COMPILER_GENERATE_SWIFT_ASSET_SYMBOL_EXTENSIONS = YES;
				CLANG_ANALYZER_NONNULL = YES;
				CLANG_ANALYZER_NUMBER_OBJECT_CONVERSION = YES_AGGRESSIVE;
				CLANG_CXX_LANGUAGE_STANDARD = "gnu++20";
				CLANG_ENABLE_MODULES = YES;
				CLANG_ENABLE_OBJC_ARC = YES;
				CLANG_ENABLE_OBJC_WEAK = YES;
				CLANG_WARN_BLOCK_CAPTURE_AUTORELEASING = YES;
				CLANG_WARN_BOOL_CONVERSION = YES;
				CLANG_WARN_COMMA = YES;
				CLANG_WARN_CONSTANT_CONVERSION = YES;
				CLANG_WARN_DEPRECATED_OBJC_IMPLEMENTATIONS = YES;
				CLANG_WARN_DIRECT_OBJC_ISA_USAGE = YES_ERROR;
				CLANG_WARN_DOCUMENTATION_COMMENTS = YES;
				CLANG_WARN_EMPTY_BODY = YES;
				CLANG_WARN_ENUM_CONVERSION = YES;
				CLANG_WARN_INFINITE_RECURSION = YES;
				CLANG_WARN_INT_CONVERSION = YES;
				CLANG_WARN_NON_LITERAL_NULL_CONVERSION = YES;
				CLANG_WARN_OBJC_IMPLICIT_RETAIN_SELF = YES;
				CLANG_WARN_OBJC_LITERAL_CONVERSION = YES;
				CLANG_WARN_OBJC_ROOT_CLASS = YES_ERROR;
				CLANG_WARN_QUOTED_INCLUDE_IN_FRAMEWORK_HEADER = YES;
				CLANG_WARN_RANGE_LOOP_ANALYSIS = YES;
				CLANG_WARN_STRICT_PROTOTYPES = YES;
				CLANG_WARN_SUSPICIOUS_MOVE = YES;
				CLANG_WARN_UNGUARDED_AVAILABILITY = YES_AGGRESSIVE;
				CLANG_WARN_UNREACHABLE_CODE = YES;
				CLANG_WARN__DUPLICATE_METHOD_MATCH = YES;
				COPY_PHASE_STRIP = NO;
				DEBUG_INFORMATION_FORMAT = "dwarf-with-dsym";
				ENABLE_NS_ASSERTIONS = NO;
				ENABLE_STRICT_OBJC_MSGSEND = YES;
				ENABLE_USER_SCRIPT_SANDBOXING = YES;
				GCC_C_LANGUAGE_STANDARD = gnu17;
				GCC_NO_COMMON_BLOCKS = YES;
				GCC_WARN_64_TO_32_BIT_CONVERSION = YES;
				GCC_WARN_ABOUT_RETURN_TYPE = YES_ERROR;
				GCC_WARN_UNDECLARED_SELECTOR = YES;
				GCC_WARN_UNINITIALIZED_AUTOS = YES_AGGRESSIVE;
				GCC_WARN_UNUSED_FUNCTION = YES;
				GCC_WARN_UNUSED_VARIABLE = YES;
				IPHONEOS_DEPLOYMENT_TARGET = 26.2;
				LOCALIZATION_PREFERS_STRING_CATALOGS = YES;
				MTL_ENABLE_DEBUG_INFO = NO;
				MTL_FAST_MATH = YES;
				SDKROOT = iphoneos;
				SWIFT_COMPILATION_MODE = wholemodule;
				VALIDATE_PRODUCT = YES;
			};
			name = Release;
		};
		47D91BCC2F60266C007B3B34 /* Debug */ = {
			isa = XCBuildConfiguration;
			baseConfigurationReference = A1C0F19329000000APIKEY01 /* APIKeys.xcconfig */;
			buildSettings = {
				ASSETCATALOG_COMPILER_APPICON_NAME = AppIcon;
				ASSETCATALOG_COMPILER_GLOBAL_ACCENT_COLOR_NAME = AccentColor;
				CODE_SIGN_ENTITLEMENTS = ProjectApex/ProjectApex.entitlements;
				CODE_SIGN_STYLE = Automatic;
				CURRENT_PROJECT_VERSION = 1;
				DEVELOPMENT_TEAM = 3AF96AAKH6;
				ENABLE_PREVIEWS = YES;
				GENERATE_INFOPLIST_FILE = NO;
				INFOPLIST_FILE = Info.plist;
				LD_RUNPATH_SEARCH_PATHS = (
					"$(inherited)",
					"@executable_path/Frameworks",
				);
				MARKETING_VERSION = 1.0;
				PRODUCT_BUNDLE_IDENTIFIER = RTG.ProjectApex;
				PRODUCT_NAME = "$(TARGET_NAME)";
				STRING_CATALOG_GENERATE_SYMBOLS = YES;
				SWIFT_APPROACHABLE_CONCURRENCY = YES;
				SWIFT_DEFAULT_ACTOR_ISOLATION = MainActor;
				SWIFT_EMIT_LOC_STRINGS = YES;
				SWIFT_UPCOMING_FEATURE_MEMBER_IMPORT_VISIBILITY = YES;
				SWIFT_VERSION = 5.0;
				TARGETED_DEVICE_FAMILY = "1,2";
			};
			name = Debug;
		};
		47D91BCD2F60266C007B3B34 /* Release */ = {
			isa = XCBuildConfiguration;
			baseConfigurationReference = A1C0F19329000000APIKEY01 /* APIKeys.xcconfig */;
			buildSettings = {
				ASSETCATALOG_COMPILER_APPICON_NAME = AppIcon;
				ASSETCATALOG_COMPILER_GLOBAL_ACCENT_COLOR_NAME = AccentColor;
				CODE_SIGN_ENTITLEMENTS = ProjectApex/ProjectApex.entitlements;
				CODE_SIGN_STYLE = Automatic;
				CURRENT_PROJECT_VERSION = 1;
				DEVELOPMENT_TEAM = 3AF96AAKH6;
				ENABLE_PREVIEWS = YES;
				GENERATE_INFOPLIST_FILE = NO;
				INFOPLIST_FILE = Info.plist;
				LD_RUNPATH_SEARCH_PATHS = (
					"$(inherited)",
					"@executable_path/Frameworks",
				);
				MARKETING_VERSION = 1.0;
				PRODUCT_BUNDLE_IDENTIFIER = RTG.ProjectApex;
				PRODUCT_NAME = "$(TARGET_NAME)";
				STRING_CATALOG_GENERATE_SYMBOLS = YES;
				SWIFT_APPROACHABLE_CONCURRENCY = YES;
				SWIFT_DEFAULT_ACTOR_ISOLATION = MainActor;
				SWIFT_EMIT_LOC_STRINGS = YES;
				SWIFT_UPCOMING_FEATURE_MEMBER_IMPORT_VISIBILITY = YES;
				SWIFT_VERSION = 5.0;
				TARGETED_DEVICE_FAMILY = "1,2";
			};
			name = Release;
		};
		700512504A045F0C54538EBD /* Release */ = {
			isa = XCBuildConfiguration;
			buildSettings = {
				ALWAYS_EMBED_SWIFT_STANDARD_LIBRARIES = NO;
				BUNDLE_LOADER = "$(TEST_HOST)";
				CLANG_ENABLE_OBJC_WEAK = NO;
				DEVELOPMENT_TEAM = 3AF96AAKH6;
				GENERATE_INFOPLIST_FILE = YES;
				INFOPLIST_KEY_CFBundleName = ProjectApexTests;
				IPHONEOS_DEPLOYMENT_TARGET = 26.2;
				PRODUCT_BUNDLE_IDENTIFIER = RTG.ProjectApexTests;
				PRODUCT_NAME = ProjectApexTests;
				SDKROOT = iphoneos;
				SWIFT_DEFAULT_ACTOR_ISOLATION = MainActor;
				SWIFT_VERSION = 5.0;
				TEST_HOST = "$(BUILT_PRODUCTS_DIR)/ProjectApex.app/$(BUNDLE_EXECUTABLE_FOLDER_PATH)/ProjectApex";
				VALIDATE_PRODUCT = YES;
			};
			name = Release;
		};
		9DA541EADDA0CD727D5B236E /* Debug */ = {
			isa = XCBuildConfiguration;
			buildSettings = {
				ALWAYS_EMBED_SWIFT_STANDARD_LIBRARIES = NO;
				BUNDLE_LOADER = "$(TEST_HOST)";
				CLANG_ENABLE_OBJC_WEAK = NO;
				DEVELOPMENT_TEAM = 3AF96AAKH6;
				GENERATE_INFOPLIST_FILE = YES;
				INFOPLIST_KEY_CFBundleName = ProjectApexTests;
				IPHONEOS_DEPLOYMENT_TARGET = 26.2;
				PRODUCT_BUNDLE_IDENTIFIER = RTG.ProjectApexTests;
				PRODUCT_NAME = ProjectApexTests;
				SDKROOT = iphoneos;
				SWIFT_DEFAULT_ACTOR_ISOLATION = MainActor;
				SWIFT_VERSION = 5.0;
				TEST_HOST = "$(BUILT_PRODUCTS_DIR)/ProjectApex.app/$(BUNDLE_EXECUTABLE_FOLDER_PATH)/ProjectApex";
			};
			name = Debug;
		};
/* End XCBuildConfiguration section */

/* Begin XCConfigurationList section */
		0F657660D0B15D0E03C5BDE7 /* Build configuration list for PBXNativeTarget "ProjectApexTests" */ = {
			isa = XCConfigurationList;
			buildConfigurations = (
				700512504A045F0C54538EBD /* Release */,
				9DA541EADDA0CD727D5B236E /* Debug */,
			);
			defaultConfigurationIsVisible = 0;
			defaultConfigurationName = Release;
		};
		47D91BBB2F60266A007B3B34 /* Build configuration list for PBXProject "ProjectApex" */ = {
			isa = XCConfigurationList;
			buildConfigurations = (
				47D91BC92F60266C007B3B34 /* Debug */,
				47D91BCA2F60266C007B3B34 /* Release */,
			);
			defaultConfigurationIsVisible = 0;
			defaultConfigurationName = Release;
		};
		47D91BCB2F60266C007B3B34 /* Build configuration list for PBXNativeTarget "ProjectApex" */ = {
			isa = XCConfigurationList;
			buildConfigurations = (
				47D91BCC2F60266C007B3B34 /* Debug */,
				47D91BCD2F60266C007B3B34 /* Release */,
			);
			defaultConfigurationIsVisible = 0;
			defaultConfigurationName = Release;
		};
/* End XCConfigurationList section */

/* Begin XCRemoteSwiftPackageReference section */
		DE55000000000000DE550001 /* XCRemoteSwiftPackageReference "swift-snapshot-testing" */ = {
			isa = XCRemoteSwiftPackageReference;
			repositoryURL = "https://github.com/pointfreeco/swift-snapshot-testing";
			requirement = {
				kind = exactVersion;
				version = 1.18.2;
			};
		};
/* End XCRemoteSwiftPackageReference section */

/* Begin XCSwiftPackageProductDependency section */
		DE54000000000000DE540001 /* SnapshotTesting */ = {
			isa = XCSwiftPackageProductDependency;
			package = DE55000000000000DE550001 /* XCRemoteSwiftPackageReference "swift-snapshot-testing" */;
			productName = SnapshotTesting;
		};
/* End XCSwiftPackageProductDependency section */
	};
	rootObject = 47D91BB82F60266A007B3B34 /* Project object */;
}
