// !$*UTF8*$!
{
	archiveVersion = 1;
	classes = {
	};
	objectVersion = 77;
	objects = {

/* Begin PBXBuildFile section */
		32736E74E3F688020744DE5E /* EquipmentRounderTests.swift in Sources */ = {isa = PBXBuildFile; fileRef = 70E3BA94C76430CACFD657B5 /* EquipmentRounderTests.swift */; };
		39E16C19CFE1B1EF9BE00A32 /* TraineeModelEnumsTests.swift in Sources */ = {isa = PBXBuildFile; fileRef = EEE172F80DF77608B9C048CA /* TraineeModelEnumsTests.swift */; };
		474B848D2F67D31C001E0879 /* MacroPlanServiceDayCountTests.swift in Sources */ = {isa = PBXBuildFile; fileRef = 474B848C2F67D31C001E0879 /* MacroPlanServiceDayCountTests.swift */; };
		478DD9F12F9928C6001D3636 /* SkipFeatureTests.swift in Sources */ = {isa = PBXBuildFile; fileRef = 478DD9F02F9928C5001D3636 /* SkipFeatureTests.swift */; };
		478DD9F52F993A1E001D3636 /* PatternPhaseServiceTests.swift in Sources */ = {isa = PBXBuildFile; fileRef = 478DD9F42F993A1E001D3636 /* PatternPhaseServiceTests.swift */; };
		47BB8E5A2F626C900082C53F /* WorkoutProgramTests.swift in Sources */ = {isa = PBXBuildFile; fileRef = 47BB8E592F626C900082C53F /* WorkoutProgramTests.swift */; };
		47BB8E602F626D430082C53F /* ProgramGenerationServiceTests.swift in Sources */ = {isa = PBXBuildFile; fileRef = 47BB8E5F2F626D430082C53F /* ProgramGenerationServiceTests.swift */; };
		47BB8E622F6273750082C53F /* EquipmentConstraintValidationTests.swift in Sources */ = {isa = PBXBuildFile; fileRef = 47BB8E612F6273750082C53F /* EquipmentConstraintValidationTests.swift */; };
		47BB8E662F6273F30082C53F /* ProgramPersistenceTests.swift in Sources */ = {isa = PBXBuildFile; fileRef = 47BB8E652F6273F30082C53F /* ProgramPersistenceTests.swift */; };
		47BB8E752F6294B00082C53F /* WorkoutSessionManagerTests.swift in Sources */ = {isa = PBXBuildFile; fileRef = 47BB8E742F6294B00082C53F /* WorkoutSessionManagerTests.swift */; };
		47C5C1AF2F62A64E0005F99E /* WriteAheadQueueTests.swift in Sources */ = {isa = PBXBuildFile; fileRef = 47C5C1AE2F62A64E0005F99E /* WriteAheadQueueTests.swift */; };
		47C5C1B82F62BB3D0005F99E /* GymStreakServiceTests.swift in Sources */ = {isa = PBXBuildFile; fileRef = 47C5C1B72F62BB3D0005F99E /* GymStreakServiceTests.swift */; };
		47C5C1BA2F62C0550005F99E /* SpeechServiceTests.swift in Sources */ = {isa = PBXBuildFile; fileRef = 47C5C1B92F62C0550005F99E /* SpeechServiceTests.swift */; };
		47C5C1BC2F62C08E0005F99E /* MemoryServiceTests.swift in Sources */ = {isa = PBXBuildFile; fileRef = 47C5C1BB2F62C08E0005F99E /* MemoryServiceTests.swift */; };
		47D91CA42F619741007B3B34 /* KeychainServiceTests.swift in Sources */ = {isa = PBXBuildFile; fileRef = 47D91CA32F619741007B3B34 /* KeychainServiceTests.swift */; };
		47D91CB12F619817007B3B34 /* AIInferenceSpikeTests.swift in Sources */ = {isa = PBXBuildFile; fileRef = 47D91CB02F619817007B3B34 /* AIInferenceSpikeTests.swift */; };
		47D91CB32F61A8CB007B3B34 /* GymProfileTests.swift in Sources */ = {isa = PBXBuildFile; fileRef = 47D91CB22F61A8CB007B3B34 /* GymProfileTests.swift */; };
		47D91CC12F61A9E7007B3B34 /* WorkoutContextAssemblyTests.swift in Sources */ = {isa = PBXBuildFile; fileRef = 47D91CC02F61A9E7007B3B34 /* WorkoutContextAssemblyTests.swift */; };
		47D91CC32F61AADC007B3B34 /* AIInferenceServiceTests.swift in Sources */ = {isa = PBXBuildFile; fileRef = 47D91CC22F61AADC007B3B34 /* AIInferenceServiceTests.swift */; };
		47DFECFD2F72C1FC006F4B62 /* ExerciseLibraryTests.swift in Sources */ = {isa = PBXBuildFile; fileRef = 47DFECFC2F72C1FC006F4B62 /* ExerciseLibraryTests.swift */; };
		47DFED052F73D858006F4B62 /* StagnationServiceTests.swift in Sources */ = {isa = PBXBuildFile; fileRef = 47DFED042F73D858006F4B62 /* StagnationServiceTests.swift */; };
		47DFED072F73D887006F4B62 /* VolumeValidationServiceTests.swift in Sources */ = {isa = PBXBuildFile; fileRef = 47DFED062F73D887006F4B62 /* VolumeValidationServiceTests.swift */; };
		47E356CB2F61BA7300C69CD6 /* SupabaseClientTests.swift in Sources */ = {isa = PBXBuildFile; fileRef = 47E356CA2F61BA7300C69CD6 /* SupabaseClientTests.swift */; };
		47E356CF2F61BFCF00C69CD6 /* EquipmentMergerTests.swift in Sources */ = {isa = PBXBuildFile; fileRef = 47E356CE2F61BFCF00C69CD6 /* EquipmentMergerTests.swift */; };
		47E356DA2F61D06100C69CD6 /* DefaultWeightIncrementsTests.swift in Sources */ = {isa = PBXBuildFile; fileRef = 47E356D92F61D06100C69CD6 /* DefaultWeightIncrementsTests.swift */; };
		47E356DC2F61D07B00C69CD6 /* GymFactStoreTests.swift in Sources */ = {isa = PBXBuildFile; fileRef = 47E356DB2F61D07B00C69CD6 /* GymFactStoreTests.swift */; };
		51F067120CE1EA4A3EA813A6 /* MuscleTaxonomyTests.swift in Sources */ = {isa = PBXBuildFile; fileRef = E2D46426254666742A81E0B8 /* MuscleTaxonomyTests.swift */; };
		6ED5B7636B15C7C513C11C2E /* Foundation.framework in Frameworks */ = {isa = PBXBuildFile; fileRef = 6DC23D0A3EB460CF97B18574 /* Foundation.framework */; };
		729D1F4ED6B5BD11AFD51058 /* MigrationDatesTests.swift in Sources */ = {isa = PBXBuildFile; fileRef = 1F6BA9A7C15E3ED7575683DB /* MigrationDatesTests.swift */; };
		73406DCD1E0EE68C2B81616E /* TraineeModelSnapshotsTests.swift in Sources */ = {isa = PBXBuildFile; fileRef = 993DDBFBA2750C9A2D659E12 /* TraineeModelSnapshotsTests.swift */; };
		81F0AA99C2173497F907DCF2 /* TraineeModelInteractionsTests.swift in Sources */ = {isa = PBXBuildFile; fileRef = 85715B1D4A477BA1FA8963B2 /* TraineeModelInteractionsTests.swift */; };
		89DC096233064C035B6D3809 /* MovementPatternTests.swift in Sources */ = {isa = PBXBuildFile; fileRef = FD87C13195A0D0C4C63D2120 /* MovementPatternTests.swift */; };
/* End PBXBuildFile section */

/* Begin PBXContainerItemProxy section */
		ED298EE400BD72C86935D45D /* PBXContainerItemProxy */ = {
			isa = PBXContainerItemProxy;
			containerPortal = 47D91BB82F60266A007B3B34 /* Project object */;
			proxyType = 1;
			remoteGlobalIDString = 47D91BBF2F60266A007B3B34;
			remoteInfo = ProjectApex;
		};
/* End PBXContainerItemProxy section */

/* Begin PBXFileReference section */
		1F6BA9A7C15E3ED7575683DB /* MigrationDatesTests.swift */ = {isa = PBXFileReference; includeInIndex = 1; lastKnownFileType = sourcecode.swift; path = MigrationDatesTests.swift; sourceTree = "<group>"; };
		474B848C2F67D31C001E0879 /* MacroPlanServiceDayCountTests.swift */ = {isa = PBXFileReference; lastKnownFileType = sourcecode.swift; path = MacroPlanServiceDayCountTests.swift; sourceTree = "<group>"; };
		478DD9F02F9928C5001D3636 /* SkipFeatureTests.swift */ = {isa = PBXFileReference; lastKnownFileType = sourcecode.swift; path = SkipFeatureTests.swift; sourceTree = "<group>"; };
		478DD9F42F993A1E001D3636 /* PatternPhaseServiceTests.swift */ = {isa = PBXFileReference; lastKnownFileType = sourcecode.swift; path = PatternPhaseServiceTests.swift; sourceTree = "<group>"; };
		47BB8E592F626C900082C53F /* WorkoutProgramTests.swift */ = {isa = PBXFileReference; lastKnownFileType = sourcecode.swift; path = WorkoutProgramTests.swift; sourceTree = "<group>"; };
		47BB8E5F2F626D430082C53F /* ProgramGenerationServiceTests.swift */ = {isa = PBXFileReference; lastKnownFileType = sourcecode.swift; path = ProgramGenerationServiceTests.swift; sourceTree = "<group>"; };
		47BB8E612F6273750082C53F /* EquipmentConstraintValidationTests.swift */ = {isa = PBXFileReference; lastKnownFileType = sourcecode.swift; path = EquipmentConstraintValidationTests.swift; sourceTree = "<group>"; };
		47BB8E652F6273F30082C53F /* ProgramPersistenceTests.swift */ = {isa = PBXFileReference; lastKnownFileType = sourcecode.swift; path = ProgramPersistenceTests.swift; sourceTree = "<group>"; };
		47BB8E742F6294B00082C53F /* WorkoutSessionManagerTests.swift */ = {isa = PBXFileReference; lastKnownFileType = sourcecode.swift; path = WorkoutSessionManagerTests.swift; sourceTree = "<group>"; };
		47C5C1AE2F62A64E0005F99E /* WriteAheadQueueTests.swift */ = {isa = PBXFileReference; lastKnownFileType = sourcecode.swift; path = WriteAheadQueueTests.swift; sourceTree = "<group>"; };
		47C5C1B72F62BB3D0005F99E /* GymStreakServiceTests.swift */ = {isa = PBXFileReference; lastKnownFileType = sourcecode.swift; path = GymStreakServiceTests.swift; sourceTree = "<group>"; };
		47C5C1B92F62C0550005F99E /* SpeechServiceTests.swift */ = {isa = PBXFileReference; lastKnownFileType = sourcecode.swift; path = SpeechServiceTests.swift; sourceTree = "<group>"; };
		47C5C1BB2F62C08E0005F99E /* MemoryServiceTests.swift */ = {isa = PBXFileReference; lastKnownFileType = sourcecode.swift; path = MemoryServiceTests.swift; sourceTree = "<group>"; };
		47D91BC02F60266A007B3B34 /* ProjectApex.app */ = {isa = PBXFileReference; explicitFileType = wrapper.application; includeInIndex = 0; path = ProjectApex.app; sourceTree = BUILT_PRODUCTS_DIR; };
		47D91CA32F619741007B3B34 /* KeychainServiceTests.swift */ = {isa = PBXFileReference; lastKnownFileType = sourcecode.swift; path = KeychainServiceTests.swift; sourceTree = "<group>"; };
		47D91CB02F619817007B3B34 /* AIInferenceSpikeTests.swift */ = {isa = PBXFileReference; lastKnownFileType = sourcecode.swift; path = AIInferenceSpikeTests.swift; sourceTree = "<group>"; };
		47D91CB22F61A8CB007B3B34 /* GymProfileTests.swift */ = {isa = PBXFileReference; lastKnownFileType = sourcecode.swift; path = GymProfileTests.swift; sourceTree = "<group>"; };
		47D91CC02F61A9E7007B3B34 /* WorkoutContextAssemblyTests.swift */ = {isa = PBXFileReference; lastKnownFileType = sourcecode.swift; path = WorkoutContextAssemblyTests.swift; sourceTree = "<group>"; };
		47D91CC22F61AADC007B3B34 /* AIInferenceServiceTests.swift */ = {isa = PBXFileReference; lastKnownFileType = sourcecode.swift; path = AIInferenceServiceTests.swift; sourceTree = "<group>"; };
		47DFECED2F723975006F4B62 /* InferenceRetrySheet.swift */ = {isa = PBXFileReference; lastKnownFileType = sourcecode.swift; path = InferenceRetrySheet.swift; sourceTree = "<group>"; };
		47DFECF42F7261C1006F4B62 /* ExerciseSwapViewModel.swift */ = {isa = PBXFileReference; lastKnownFileType = sourcecode.swift; path = ExerciseSwapViewModel.swift; sourceTree = "<group>"; };
		47DFECF52F7261EE006F4B62 /* ExerciseSwapView.swift */ = {isa = PBXFileReference; lastKnownFileType = sourcecode.swift; path = ExerciseSwapView.swift; sourceTree = "<group>"; };
		47DFECFC2F72C1FC006F4B62 /* ExerciseLibraryTests.swift */ = {isa = PBXFileReference; lastKnownFileType = sourcecode.swift; path = ExerciseLibraryTests.swift; sourceTree = "<group>"; };
		47DFED042F73D858006F4B62 /* StagnationServiceTests.swift */ = {isa = PBXFileReference; lastKnownFileType = sourcecode.swift; path = StagnationServiceTests.swift; sourceTree = "<group>"; };
		47DFED062F73D887006F4B62 /* VolumeValidationServiceTests.swift */ = {isa = PBXFileReference; lastKnownFileType = sourcecode.swift; path = VolumeValidationServiceTests.swift; sourceTree = "<group>"; };
		47E356CA2F61BA7300C69CD6 /* SupabaseClientTests.swift */ = {isa = PBXFileReference; lastKnownFileType = sourcecode.swift; path = SupabaseClientTests.swift; sourceTree = "<group>"; };
		47E356CE2F61BFCF00C69CD6 /* EquipmentMergerTests.swift */ = {isa = PBXFileReference; lastKnownFileType = sourcecode.swift; path = EquipmentMergerTests.swift; sourceTree = "<group>"; };
		47E356D92F61D06100C69CD6 /* DefaultWeightIncrementsTests.swift */ = {isa = PBXFileReference; lastKnownFileType = sourcecode.swift; path = DefaultWeightIncrementsTests.swift; sourceTree = "<group>"; };
		47E356DB2F61D07B00C69CD6 /* GymFactStoreTests.swift */ = {isa = PBXFileReference; lastKnownFileType = sourcecode.swift; path = GymFactStoreTests.swift; sourceTree = "<group>"; };
		6DC23D0A3EB460CF97B18574 /* Foundation.framework */ = {isa = PBXFileReference; lastKnownFileType = wrapper.framework; name = Foundation.framework; path = Platforms/iPhoneOS.platform/Developer/SDKs/iPhoneOS18.0.sdk/System/Library/Frameworks/Foundation.framework; sourceTree = DEVELOPER_DIR; };
		70E3BA94C76430CACFD657B5 /* EquipmentRounderTests.swift */ = {isa = PBXFileReference; includeInIndex = 1; lastKnownFileType = sourcecode.swift; path = EquipmentRounderTests.swift; sourceTree = "<group>"; };
		85715B1D4A477BA1FA8963B2 /* TraineeModelInteractionsTests.swift */ = {isa = PBXFileReference; includeInIndex = 1; lastKnownFileType = sourcecode.swift; path = TraineeModelInteractionsTests.swift; sourceTree = "<group>"; };
		993DDBFBA2750C9A2D659E12 /* TraineeModelSnapshotsTests.swift */ = {isa = PBXFileReference; includeInIndex = 1; lastKnownFileType = sourcecode.swift; path = TraineeModelSnapshotsTests.swift; sourceTree = "<group>"; };
		E2D46426254666742A81E0B8 /* MuscleTaxonomyTests.swift */ = {isa = PBXFileReference; includeInIndex = 1; lastKnownFileType = sourcecode.swift; path = MuscleTaxonomyTests.swift; sourceTree = "<group>"; };
		EEE172F80DF77608B9C048CA /* TraineeModelEnumsTests.swift */ = {isa = PBXFileReference; includeInIndex = 1; lastKnownFileType = sourcecode.swift; path = TraineeModelEnumsTests.swift; sourceTree = "<group>"; };
		EFB324F8EA1B317B0F90575B /* ProjectApexTests.xctest */ = {isa = PBXFileReference; explicitFileType = wrapper.cfbundle; includeInIndex = 0; path = ProjectApexTests.xctest; sourceTree = BUILT_PRODUCTS_DIR; };
		FD87C13195A0D0C4C63D2120 /* MovementPatternTests.swift */ = {isa = PBXFileReference; includeInIndex = 1; lastKnownFileType = sourcecode.swift; path = MovementPatternTests.swift; sourceTree = "<group>"; };
/* End PBXFileReference section */

/* Begin PBXFileSystemSynchronizedRootGroup section */
		47D91BC22F60266A007B3B34 /* ProjectApex */ = {
			isa = PBXFileSystemSynchronizedRootGroup;
			exceptions = (
			);
			path = ProjectApex;
			sourceTree = "<group>";
		};
/* End PBXFileSystemSynchronizedRootGroup section */

/* Begin PBXFrameworksBuildPhase section */
		47D91BBD2F60266A007B3B34 /* Frameworks */ = {
			isa = PBXFrameworksBuildPhase;
			buildActionMask = 2147483647;
			files = (
			);
			runOnlyForDeploymentPostprocessing = 0;
		};
		B0995D1A425F6A0D4A64DE43 /* Frameworks */ = {
			isa = PBXFrameworksBuildPhase;
			buildActionMask = 2147483647;
			files = (
				6ED5B7636B15C7C513C11C2E /* Foundation.framework in Frameworks */,
			);
			runOnlyForDeploymentPostprocessing = 0;
		};
/* End PBXFrameworksBuildPhase section */

/* Begin PBXGroup section */
		46D6D0F8AAFB99EF747FA10E /* Frameworks */ = {
			isa = PBXGroup;
			children = (
				F001F5E175C68A407AB1AFF0 /* iOS */,
			);
			name = Frameworks;
			sourceTree = "<group>";
		};
		47D91BB72F60266A007B3B34 = {
			isa = PBXGroup;
			children = (
				47D91BC22F60266A007B3B34 /* ProjectApex */,
				47D91BC12F60266A007B3B34 /* Products */,
				46D6D0F8AAFB99EF747FA10E /* Frameworks */,
				FD123486A0EC3A9B64454993 /* ProjectApexTests */,
				47E356D42F61CE3E00C69CD6 /* Features */,
			);
			sourceTree = "<group>";
		};
		47D91BC12F60266A007B3B34 /* Products */ = {
			isa = PBXGroup;
			children = (
				47D91BC02F60266A007B3B34 /* ProjectApex.app */,
				EFB324F8EA1B317B0F90575B /* ProjectApexTests.xctest */,
			);
			name = Products;
			sourceTree = "<group>";
		};
		47E356D42F61CE3E00C69CD6 /* Features */ = {
			isa = PBXGroup;
			children = (
				47E356D52F61CE4100C69CD6 /* Workout */,
			);
			path = Features;
			sourceTree = "<group>";
		};
		47E356D52F61CE4100C69CD6 /* Workout */ = {
			isa = PBXGroup;
			children = (
				47DFECED2F723975006F4B62 /* InferenceRetrySheet.swift */,
				47DFECF42F7261C1006F4B62 /* ExerciseSwapViewModel.swift */,
				47DFECF52F7261EE006F4B62 /* ExerciseSwapView.swift */,
			);
			path = Workout;
			sourceTree = "<group>";
		};
		F001F5E175C68A407AB1AFF0 /* iOS */ = {
			isa = PBXGroup;
			children = (
				6DC23D0A3EB460CF97B18574 /* Foundation.framework */,
			);
			name = iOS;
			sourceTree = "<group>";
		};
		FD123486A0EC3A9B64454993 /* ProjectApexTests */ = {
			isa = PBXGroup;
			children = (
				70E3BA94C76430CACFD657B5 /* EquipmentRounderTests.swift */,
				47D91CA32F619741007B3B34 /* KeychainServiceTests.swift */,
				47D91CB02F619817007B3B34 /* AIInferenceSpikeTests.swift */,
				47D91CB22F61A8CB007B3B34 /* GymProfileTests.swift */,
				47D91CC02F61A9E7007B3B34 /* WorkoutContextAssemblyTests.swift */,
				47D91CC22F61AADC007B3B34 /* AIInferenceServiceTests.swift */,
				47E356CA2F61BA7300C69CD6 /* SupabaseClientTests.swift */,
				47E356CE2F61BFCF00C69CD6 /* EquipmentMergerTests.swift */,
				47E356D92F61D06100C69CD6 /* DefaultWeightIncrementsTests.swift */,
				47E356DB2F61D07B00C69CD6 /* GymFactStoreTests.swift */,
				47BB8E592F626C900082C53F /* WorkoutProgramTests.swift */,
				47BB8E5F2F626D430082C53F /* ProgramGenerationServiceTests.swift */,
				47BB8E612F6273750082C53F /* EquipmentConstraintValidationTests.swift */,
				47BB8E652F6273F30082C53F /* ProgramPersistenceTests.swift */,
				47BB8E742F6294B00082C53F /* WorkoutSessionManagerTests.swift */,
				47C5C1AE2F62A64E0005F99E /* WriteAheadQueueTests.swift */,
				47C5C1B72F62BB3D0005F99E /* GymStreakServiceTests.swift */,
				47C5C1B92F62C0550005F99E /* SpeechServiceTests.swift */,
				47C5C1BB2F62C08E0005F99E /* MemoryServiceTests.swift */,
				474B848C2F67D31C001E0879 /* MacroPlanServiceDayCountTests.swift */,
				47DFECFC2F72C1FC006F4B62 /* ExerciseLibraryTests.swift */,
				47DFED042F73D858006F4B62 /* StagnationServiceTests.swift */,
				47DFED062F73D887006F4B62 /* VolumeValidationServiceTests.swift */,
				478DD9F02F9928C5001D3636 /* SkipFeatureTests.swift */,
				478DD9F42F993A1E001D3636 /* PatternPhaseServiceTests.swift */,
				FD87C13195A0D0C4C63D2120 /* MovementPatternTests.swift */,
				E2D46426254666742A81E0B8 /* MuscleTaxonomyTests.swift */,
				EEE172F80DF77608B9C048CA /* TraineeModelEnumsTests.swift */,
				1F6BA9A7C15E3ED7575683DB /* MigrationDatesTests.swift */,
				993DDBFBA2750C9A2D659E12 /* TraineeModelSnapshotsTests.swift */,
				85715B1D4A477BA1FA8963B2 /* TraineeModelInteractionsTests.swift */,
			);
			path = ProjectApexTests;
			sourceTree = "<group>";
		};
/* End PBXGroup section */

/* Begin PBXNativeTarget section */
		3468A4C0FD8EBC33946C10EF /* ProjectApexTests */ = {
			isa = PBXNativeTarget;
			buildConfigurationList = 0F657660D0B15D0E03C5BDE7 /* Build configuration list for PBXNativeTarget "ProjectApexTests" */;
			buildPhases = (
				33906876BC4323CE14CEB130 /* Sources */,
				B0995D1A425F6A0D4A64DE43 /* Frameworks */,
				B8720CAAF189D619D3FBD267 /* Resources */,
			);
			buildRules = (
			);
			dependencies = (
				79B86F7D6F8F83A54328459B /* PBXTargetDependency */,
			);
			name = ProjectApexTests;
			productName = ProjectApexTests;
			productReference = EFB324F8EA1B317B0F90575B /* ProjectApexTests.xctest */;
			productType = "com.apple.product-type.bundle.unit-test";
		};
		47D91BBF2F60266A007B3B34 /* ProjectApex */ = {
			isa = PBXNativeTarget;
			buildConfigurationList = 47D91BCB2F60266C007B3B34 /* Build configuration list for PBXNativeTarget "ProjectApex" */;
			buildPhases = (
				47D91BBC2F60266A007B3B34 /* Sources */,
				47D91BBD2F60266A007B3B34 /* Frameworks */,
				47D91BBE2F60266A007B3B34 /* Resources */,
			);
			buildRules = (
			);
			dependencies = (
			);
			fileSystemSynchronizedGroups = (
				47D91BC22F60266A007B3B34 /* ProjectApex */,
			);
			name = ProjectApex;
			productName = ProjectApex;
			productReference = 47D91BC02F60266A007B3B34 /* ProjectApex.app */;
			productType = "com.apple.product-type.application";
		};
/* End PBXNativeTarget section */

/* Begin PBXProject section */
		47D91BB82F60266A007B3B34 /* Project object */ = {
			isa = PBXProject;
			attributes = {
				BuildIndependentTargetsInParallel = 1;
				LastSwiftUpdateCheck = 2630;
				LastUpgradeCheck = 2630;
				TargetAttributes = {
					47D91BBF2F60266A007B3B34 = {
						CreatedOnToolsVersion = 26.3;
					};
				};
			};
			buildConfigurationList = 47D91BBB2F60266A007B3B34 /* Build configuration list for PBXProject "ProjectApex" */;
			developmentRegion = en;
			hasScannedForEncodings = 0;
			knownRegions = (
				en,
				Base,
			);
			mainGroup = 47D91BB72F60266A007B3B34;
			minimizedProjectReferenceProxies = 1;
			preferredProjectObjectVersion = 77;
			productRefGroup = 47D91BC12F60266A007B3B34 /* Products */;
			projectDirPath = "";
			projectRoot = "";
			targets = (
				47D91BBF2F60266A007B3B34 /* ProjectApex */,
				3468A4C0FD8EBC33946C10EF /* ProjectApexTests */,
			);
		};
/* End PBXProject section */

/* Begin PBXResourcesBuildPhase section */
		47D91BBE2F60266A007B3B34 /* Resources */ = {
			isa = PBXResourcesBuildPhase;
			buildActionMask = 2147483647;
			files = (
			);
			runOnlyForDeploymentPostprocessing = 0;
		};
		B8720CAAF189D619D3FBD267 /* Resources */ = {
			isa = PBXResourcesBuildPhase;
			buildActionMask = 2147483647;
			files = (
			);
			runOnlyForDeploymentPostprocessing = 0;
		};
/* End PBXResourcesBuildPhase section */

/* Begin PBXSourcesBuildPhase section */
		33906876BC4323CE14CEB130 /* Sources */ = {
			isa = PBXSourcesBuildPhase;
			buildActionMask = 2147483647;
			files = (
				47BB8E622F6273750082C53F /* EquipmentConstraintValidationTests.swift in Sources */,
				47D91CB12F619817007B3B34 /* AIInferenceSpikeTests.swift in Sources */,
				47D91CC32F61AADC007B3B34 /* AIInferenceServiceTests.swift in Sources */,
				47DFED052F73D858006F4B62 /* StagnationServiceTests.swift in Sources */,
				47BB8E752F6294B00082C53F /* WorkoutSessionManagerTests.swift in Sources */,
				47C5C1BC2F62C08E0005F99E /* MemoryServiceTests.swift in Sources */,
				47BB8E602F626D430082C53F /* ProgramGenerationServiceTests.swift in Sources */,
				47BB8E5A2F626C900082C53F /* WorkoutProgramTests.swift in Sources */,
				47E356CF2F61BFCF00C69CD6 /* EquipmentMergerTests.swift in Sources */,
				47E356DA2F61D06100C69CD6 /* DefaultWeightIncrementsTests.swift in Sources */,
				47DFECFD2F72C1FC006F4B62 /* ExerciseLibraryTests.swift in Sources */,
				47D91CB32F61A8CB007B3B34 /* GymProfileTests.swift in Sources */,
				47DFED072F73D887006F4B62 /* VolumeValidationServiceTests.swift in Sources */,
				47C5C1B82F62BB3D0005F99E /* GymStreakServiceTests.swift in Sources */,
				47BB8E662F6273F30082C53F /* ProgramPersistenceTests.swift in Sources */,
				478DD9F12F9928C6001D3636 /* SkipFeatureTests.swift in Sources */,
				32736E74E3F688020744DE5E /* EquipmentRounderTests.swift in Sources */,
				47C5C1AF2F62A64E0005F99E /* WriteAheadQueueTests.swift in Sources */,
				474B848D2F67D31C001E0879 /* MacroPlanServiceDayCountTests.swift in Sources */,
				47E356CB2F61BA7300C69CD6 /* SupabaseClientTests.swift in Sources */,
				47D91CA42F619741007B3B34 /* KeychainServiceTests.swift in Sources */,
				47C5C1BA2F62C0550005F99E /* SpeechServiceTests.swift in Sources */,
				47D91CC12F61A9E7007B3B34 /* WorkoutContextAssemblyTests.swift in Sources */,
				478DD9F52F993A1E001D3636 /* PatternPhaseServiceTests.swift in Sources */,
				47E356DC2F61D07B00C69CD6 /* GymFactStoreTests.swift in Sources */,
				89DC096233064C035B6D3809 /* MovementPatternTests.swift in Sources */,
				51F067120CE1EA4A3EA813A6 /* MuscleTaxonomyTests.swift in Sources */,
				39E16C19CFE1B1EF9BE00A32 /* TraineeModelEnumsTests.swift in Sources */,
				729D1F4ED6B5BD11AFD51058 /* MigrationDatesTests.swift in Sources */,
				73406DCD1E0EE68C2B81616E /* TraineeModelSnapshotsTests.swift in Sources */,
				81F0AA99C2173497F907DCF2 /* TraineeModelInteractionsTests.swift in Sources */,
			);
			runOnlyForDeploymentPostprocessing = 0;
		};
		47D91BBC2F60266A007B3B34 /* Sources */ = {
			isa = PBXSourcesBuildPhase;
			buildActionMask = 2147483647;
			files = (
			);
			runOnlyForDeploymentPostprocessing = 0;
		};
/* End PBXSourcesBuildPhase section */

/* Begin PBXTargetDependency section */
		79B86F7D6F8F83A54328459B /* PBXTargetDependency */ = {
			isa = PBXTargetDependency;
			name = ProjectApex;
			target = 47D91BBF2F60266A007B3B34 /* ProjectApex */;
			targetProxy = ED298EE400BD72C86935D45D /* PBXContainerItemProxy */;
		};
/* End PBXTargetDependency section */

/* Begin XCBuildConfiguration section */
		47D91BC92F60266C007B3B34 /* Debug */ = {
			isa = XCBuildConfiguration;
			buildSettings = {
				ALWAYS_SEARCH_USER_PATHS = NO;
				ASSETCATALOG_COMPILER_GENERATE_SWIFT_ASSET_SYMBOL_EXTENSIONS = YES;
				CLANG_ANALYZER_NONNULL = YES;
				CLANG_ANALYZER_NUMBER_OBJECT_CONVERSION = YES_AGGRESSIVE;
				CLANG_CXX_LANGUAGE_STANDARD = "gnu++20";
				CLANG_ENABLE_MODULES = YES;
				CLANG_ENABLE_OBJC_ARC = YES;
				CLANG_ENABLE_OBJC_WEAK = YES;
				CLANG_WARN_BLOCK_CAPTURE_AUTORELEASING = YES;
				CLANG_WARN_BOOL_CONVERSION = YES;
				CLANG_WARN_COMMA = YES;
				CLANG_WARN_CONSTANT_CONVERSION = YES;
				CLANG_WARN_DEPRECATED_OBJC_IMPLEMENTATIONS = YES;
				CLANG_WARN_DIRECT_OBJC_ISA_USAGE = YES_ERROR;
				CLANG_WARN_DOCUMENTATION_COMMENTS = YES;
				CLANG_WARN_EMPTY_BODY = YES;
				CLANG_WARN_ENUM_CONVERSION = YES;
				CLANG_WARN_INFINITE_RECURSION = YES;
				CLANG_WARN_INT_CONVERSION = YES;
				CLANG_WARN_NON_LITERAL_NULL_CONVERSION = YES;
				CLANG_WARN_OBJC_IMPLICIT_RETAIN_SELF = YES;
				CLANG_WARN_OBJC_LITERAL_CONVERSION = YES;
				CLANG_WARN_OBJC_ROOT_CLASS = YES_ERROR;
				CLANG_WARN_QUOTED_INCLUDE_IN_FRAMEWORK_HEADER = YES;
				CLANG_WARN_RANGE_LOOP_ANALYSIS = YES;
				CLANG_WARN_STRICT_PROTOTYPES = YES;
				CLANG_WARN_SUSPICIOUS_MOVE = YES;
				CLANG_WARN_UNGUARDED_AVAILABILITY = YES_AGGRESSIVE;
				CLANG_WARN_UNREACHABLE_CODE = YES;
				CLANG_WARN__DUPLICATE_METHOD_MATCH = YES;
				COPY_PHASE_STRIP = NO;
				DEBUG_INFORMATION_FORMAT = dwarf;
				ENABLE_STRICT_OBJC_MSGSEND = YES;
				ENABLE_TESTABILITY = YES;
				ENABLE_USER_SCRIPT_SANDBOXING = YES;
				GCC_C_LANGUAGE_STANDARD = gnu17;
				GCC_DYNAMIC_NO_PIC = NO;
				GCC_NO_COMMON_BLOCKS = YES;
				GCC_OPTIMIZATION_LEVEL = 0;
				GCC_PREPROCESSOR_DEFINITIONS = (
					"DEBUG=1",
					"$(inherited)",
				);
				GCC_WARN_64_TO_32_BIT_CONVERSION = YES;
				GCC_WARN_ABOUT_RETURN_TYPE = YES_ERROR;
				GCC_WARN_UNDECLARED_SELECTOR = YES;
				GCC_WARN_UNINITIALIZED_AUTOS = YES_AGGRESSIVE;
				GCC_WARN_UNUSED_FUNCTION = YES;
				GCC_WARN_UNUSED_VARIABLE = YES;
				IPHONEOS_DEPLOYMENT_TARGET = 26.2;
				LOCALIZATION_PREFERS_STRING_CATALOGS = YES;
				MTL_ENABLE_DEBUG_INFO = INCLUDE_SOURCE;
				MTL_FAST_MATH = YES;
				ONLY_ACTIVE_ARCH = YES;
				SDKROOT = iphoneos;
				SWIFT_ACTIVE_COMPILATION_CONDITIONS = "DEBUG $(inherited)";
				SWIFT_OPTIMIZATION_LEVEL = "-Onone";
			};
			name = Debug;
		};
		47D91BCA2F60266C007B3B34 /* Release */ = {
			isa = XCBuildConfiguration;
			buildSettings = {
				ALWAYS_SEARCH_USER_PATHS = NO;
				ASSETCATALOG_COMPILER_GENERATE_SWIFT_ASSET_SYMBOL_EXTENSIONS = YES;
				CLANG_ANALYZER_NONNULL = YES;
				CLANG_ANALYZER_NUMBER_OBJECT_CONVERSION = YES_AGGRESSIVE;
				CLANG_CXX_LANGUAGE_STANDARD = "gnu++20";
				CLANG_ENABLE_MODULES = YES;
				CLANG_ENABLE_OBJC_ARC = YES;
				CLANG_ENABLE_OBJC_WEAK = YES;
				CLANG_WARN_BLOCK_CAPTURE_AUTORELEASING = YES;
				CLANG_WARN_BOOL_CONVERSION = YES;
				CLANG_WARN_COMMA = YES;
				CLANG_WARN_CONSTANT_CONVERSION = YES;
				CLANG_WARN_DEPRECATED_OBJC_IMPLEMENTATIONS = YES;
				CLANG_WARN_DIRECT_OBJC_ISA_USAGE = YES_ERROR;
				CLANG_WARN_DOCUMENTATION_COMMENTS = YES;
				CLANG_WARN_EMPTY_BODY = YES;
				CLANG_WARN_ENUM_CONVERSION = YES;
				CLANG_WARN_INFINITE_RECURSION = YES;
				CLANG_WARN_INT_CONVERSION = YES;
				CLANG_WARN_NON_LITERAL_NULL_CONVERSION = YES;
				CLANG_WARN_OBJC_IMPLICIT_RETAIN_SELF = YES;
				CLANG_WARN_OBJC_LITERAL_CONVERSION = YES;
				CLANG_WARN_OBJC_ROOT_CLASS = YES_ERROR;
				CLANG_WARN_QUOTED_INCLUDE_IN_FRAMEWORK_HEADER = YES;
				CLANG_WARN_RANGE_LOOP_ANALYSIS = YES;
				CLANG_WARN_STRICT_PROTOTYPES = YES;
				CLANG_WARN_SUSPICIOUS_MOVE = YES;
				CLANG_WARN_UNGUARDED_AVAILABILITY = YES_AGGRESSIVE;
				CLANG_WARN_UNREACHABLE_CODE = YES;
				CLANG_WARN__DUPLICATE_METHOD_MATCH = YES;
				COPY_PHASE_STRIP = NO;
				DEBUG_INFORMATION_FORMAT = "dwarf-with-dsym";
				ENABLE_NS_ASSERTIONS = NO;
				ENABLE_STRICT_OBJC_MSGSEND = YES;
				ENABLE_USER_SCRIPT_SANDBOXING = YES;
				GCC_C_LANGUAGE_STANDARD = gnu17;
				GCC_NO_COMMON_BLOCKS = YES;
				GCC_WARN_64_TO_32_BIT_CONVERSION = YES;
				GCC_WARN_ABOUT_RETURN_TYPE = YES_ERROR;
				GCC_WARN_UNDECLARED_SELECTOR = YES;
				GCC_WARN_UNINITIALIZED_AUTOS = YES_AGGRESSIVE;
				GCC_WARN_UNUSED_FUNCTION = YES;
				GCC_WARN_UNUSED_VARIABLE = YES;
				IPHONEOS_DEPLOYMENT_TARGET = 26.2;
				LOCALIZATION_PREFERS_STRING_CATALOGS = YES;
				MTL_ENABLE_DEBUG_INFO = NO;
				MTL_FAST_MATH = YES;
				SDKROOT = iphoneos;
				SWIFT_COMPILATION_MODE = wholemodule;
				VALIDATE_PRODUCT = YES;
			};
			name = Release;
		};
		47D91BCC2F60266C007B3B34 /* Debug */ = {
			isa = XCBuildConfiguration;
			buildSettings = {
				ASSETCATALOG_COMPILER_APPICON_NAME = AppIcon;
				ASSETCATALOG_COMPILER_GLOBAL_ACCENT_COLOR_NAME = AccentColor;
				CODE_SIGN_ENTITLEMENTS = ProjectApex/ProjectApex.entitlements;
				CODE_SIGN_STYLE = Automatic;
				CURRENT_PROJECT_VERSION = 1;
				DEVELOPMENT_TEAM = 3AF96AAKH6;
				ENABLE_PREVIEWS = YES;
				GENERATE_INFOPLIST_FILE = YES;
				INFOPLIST_KEY_NSCameraUsageDescription = "Project Apex uses the camera to scan gym equipment and build your gym profile.";
				INFOPLIST_KEY_UIApplicationSceneManifest_Generation = YES;
				INFOPLIST_KEY_UIApplicationSupportsIndirectInputEvents = YES;
				INFOPLIST_KEY_UILaunchScreen_Generation = YES;
				INFOPLIST_KEY_UISupportedInterfaceOrientations_iPad = "UIInterfaceOrientationPortrait UIInterfaceOrientationPortraitUpsideDown UIInterfaceOrientationLandscapeLeft UIInterfaceOrientationLandscapeRight";
				INFOPLIST_KEY_UISupportedInterfaceOrientations_iPhone = "UIInterfaceOrientationPortrait UIInterfaceOrientationLandscapeLeft UIInterfaceOrientationLandscapeRight";
				LD_RUNPATH_SEARCH_PATHS = (
					"$(inherited)",
					"@executable_path/Frameworks",
				);
				MARKETING_VERSION = 1.0;
				PRODUCT_BUNDLE_IDENTIFIER = RTG.ProjectApex;
				PRODUCT_NAME = "$(TARGET_NAME)";
				STRING_CATALOG_GENERATE_SYMBOLS = YES;
				SWIFT_APPROACHABLE_CONCURRENCY = YES;
				SWIFT_DEFAULT_ACTOR_ISOLATION = MainActor;
				SWIFT_EMIT_LOC_STRINGS = YES;
				SWIFT_UPCOMING_FEATURE_MEMBER_IMPORT_VISIBILITY = YES;
				SWIFT_VERSION = 5.0;
				TARGETED_DEVICE_FAMILY = "1,2";
			};
			name = Debug;
		};
		47D91BCD2F60266C007B3B34 /* Release */ = {
			isa = XCBuildConfiguration;
			buildSettings = {
				ASSETCATALOG_COMPILER_APPICON_NAME = AppIcon;
				ASSETCATALOG_COMPILER_GLOBAL_ACCENT_COLOR_NAME = AccentColor;
				CODE_SIGN_ENTITLEMENTS = ProjectApex/ProjectApex.entitlements;
				CODE_SIGN_STYLE = Automatic;
				CURRENT_PROJECT_VERSION = 1;
				DEVELOPMENT_TEAM = 3AF96AAKH6;
				ENABLE_PREVIEWS = YES;
				GENERATE_INFOPLIST_FILE = YES;
				INFOPLIST_KEY_NSCameraUsageDescription = "Project Apex uses the camera to scan gym equipment and build your gym profile.";
				INFOPLIST_KEY_UIApplicationSceneManifest_Generation = YES;
				INFOPLIST_KEY_UIApplicationSupportsIndirectInputEvents = YES;
				INFOPLIST_KEY_UILaunchScreen_Generation = YES;
				INFOPLIST_KEY_UISupportedInterfaceOrientations_iPad = "UIInterfaceOrientationPortrait UIInterfaceOrientationPortraitUpsideDown UIInterfaceOrientationLandscapeLeft UIInterfaceOrientationLandscapeRight";
				INFOPLIST_KEY_UISupportedInterfaceOrientations_iPhone = "UIInterfaceOrientationPortrait UIInterfaceOrientationLandscapeLeft UIInterfaceOrientationLandscapeRight";
				LD_RUNPATH_SEARCH_PATHS = (
					"$(inherited)",
					"@executable_path/Frameworks",
				);
				MARKETING_VERSION = 1.0;
				PRODUCT_BUNDLE_IDENTIFIER = RTG.ProjectApex;
				PRODUCT_NAME = "$(TARGET_NAME)";
				STRING_CATALOG_GENERATE_SYMBOLS = YES;
				SWIFT_APPROACHABLE_CONCURRENCY = YES;
				SWIFT_DEFAULT_ACTOR_ISOLATION = MainActor;
				SWIFT_EMIT_LOC_STRINGS = YES;
				SWIFT_UPCOMING_FEATURE_MEMBER_IMPORT_VISIBILITY = YES;
				SWIFT_VERSION = 5.0;
				TARGETED_DEVICE_FAMILY = "1,2";
			};
			name = Release;
		};
		700512504A045F0C54538EBD /* Release */ = {
			isa = XCBuildConfiguration;
			buildSettings = {
				ALWAYS_EMBED_SWIFT_STANDARD_LIBRARIES = NO;
				BUNDLE_LOADER = "$(TEST_HOST)";
				CLANG_ENABLE_OBJC_WEAK = NO;
				DEVELOPMENT_TEAM = 3AF96AAKH6;
				GENERATE_INFOPLIST_FILE = YES;
				INFOPLIST_KEY_CFBundleName = ProjectApexTests;
				IPHONEOS_DEPLOYMENT_TARGET = 26.2;
				PRODUCT_BUNDLE_IDENTIFIER = RTG.ProjectApexTests;
				PRODUCT_NAME = ProjectApexTests;
				SDKROOT = iphoneos;
				SWIFT_DEFAULT_ACTOR_ISOLATION = MainActor;
				SWIFT_VERSION = 5.0;
				TEST_HOST = "$(BUILT_PRODUCTS_DIR)/ProjectApex.app/$(BUNDLE_EXECUTABLE_FOLDER_PATH)/ProjectApex";
				VALIDATE_PRODUCT = YES;
			};
			name = Release;
		};
		9DA541EADDA0CD727D5B236E /* Debug */ = {
			isa = XCBuildConfiguration;
			buildSettings = {
				ALWAYS_EMBED_SWIFT_STANDARD_LIBRARIES = NO;
				BUNDLE_LOADER = "$(TEST_HOST)";
				CLANG_ENABLE_OBJC_WEAK = NO;
				DEVELOPMENT_TEAM = 3AF96AAKH6;
				GENERATE_INFOPLIST_FILE = YES;
				INFOPLIST_KEY_CFBundleName = ProjectApexTests;
				IPHONEOS_DEPLOYMENT_TARGET = 26.2;
				PRODUCT_BUNDLE_IDENTIFIER = RTG.ProjectApexTests;
				PRODUCT_NAME = ProjectApexTests;
				SDKROOT = iphoneos;
				SWIFT_DEFAULT_ACTOR_ISOLATION = MainActor;
				SWIFT_VERSION = 5.0;
				TEST_HOST = "$(BUILT_PRODUCTS_DIR)/ProjectApex.app/$(BUNDLE_EXECUTABLE_FOLDER_PATH)/ProjectApex";
			};
			name = Debug;
		};
/* End XCBuildConfiguration section */

/* Begin XCConfigurationList section */
		0F657660D0B15D0E03C5BDE7 /* Build configuration list for PBXNativeTarget "ProjectApexTests" */ = {
			isa = XCConfigurationList;
			buildConfigurations = (
				700512504A045F0C54538EBD /* Release */,
				9DA541EADDA0CD727D5B236E /* Debug */,
			);
			defaultConfigurationIsVisible = 0;
			defaultConfigurationName = Release;
		};
		47D91BBB2F60266A007B3B34 /* Build configuration list for PBXProject "ProjectApex" */ = {
			isa = XCConfigurationList;
			buildConfigurations = (
				47D91BC92F60266C007B3B34 /* Debug */,
				47D91BCA2F60266C007B3B34 /* Release */,
			);
			defaultConfigurationIsVisible = 0;
			defaultConfigurationName = Release;
		};
		47D91BCB2F60266C007B3B34 /* Build configuration list for PBXNativeTarget "ProjectApex" */ = {
			isa = XCConfigurationList;
			buildConfigurations = (
				47D91BCC2F60266C007B3B34 /* Debug */,
				47D91BCD2F60266C007B3B34 /* Release */,
			);
			defaultConfigurationIsVisible = 0;
			defaultConfigurationName = Release;
		};
/* End XCConfigurationList section */
	};
	rootObject = 47D91BB82F60266A007B3B34 /* Project object */;
}
